// !$*UTF8*$!
{
	archiveVersion = 1;
	classes = {
	};
	objectVersion = 55;
	objects = {

/* Begin PBXBuildFile section */
		6A420F7628BE0D27003199E6 /* AppDelegate.swift in Sources */ = {isa = PBXBuildFile; fileRef = 6A420F7528BE0D27003199E6 /* AppDelegate.swift */; };
		6A420F7828BE0D27003199E6 /* SceneDelegate.swift in Sources */ = {isa = PBXBuildFile; fileRef = 6A420F7728BE0D27003199E6 /* SceneDelegate.swift */; };
		6A420F7F28BE0D2C003199E6 /* Assets.xcassets in Resources */ = {isa = PBXBuildFile; fileRef = 6A420F7E28BE0D2C003199E6 /* Assets.xcassets */; };
		6A420F8228BE0D2C003199E6 /* LaunchScreen.storyboard in Resources */ = {isa = PBXBuildFile; fileRef = 6A420F8028BE0D2C003199E6 /* LaunchScreen.storyboard */; };
		6A420F8D28BE0D2C003199E6 /* PawTests.swift in Sources */ = {isa = PBXBuildFile; fileRef = 6A420F8C28BE0D2C003199E6 /* PawTests.swift */; };
		6A420F9728BE0D2C003199E6 /* PawUITests.swift in Sources */ = {isa = PBXBuildFile; fileRef = 6A420F9628BE0D2C003199E6 /* PawUITests.swift */; };
		6A420F9928BE0D2C003199E6 /* PawUITestsLaunchTests.swift in Sources */ = {isa = PBXBuildFile; fileRef = 6A420F9828BE0D2C003199E6 /* PawUITestsLaunchTests.swift */; };
/* End PBXBuildFile section */

/* Begin PBXContainerItemProxy section */
		6A420F8928BE0D2C003199E6 /* PBXContainerItemProxy */ = {
			isa = PBXContainerItemProxy;
			containerPortal = 6A420F6A28BE0D27003199E6 /* Project object */;
			proxyType = 1;
			remoteGlobalIDString = 6A420F7128BE0D27003199E6;
			remoteInfo = Paw;
		};
		6A420F9328BE0D2C003199E6 /* PBXContainerItemProxy */ = {
			isa = PBXContainerItemProxy;
			containerPortal = 6A420F6A28BE0D27003199E6 /* Project object */;
			proxyType = 1;
			remoteGlobalIDString = 6A420F7128BE0D27003199E6;
			remoteInfo = Paw;
		};
/* End PBXContainerItemProxy section */

/* Begin PBXFileReference section */
		6A420F7228BE0D27003199E6 /* Paw.app */ = {isa = PBXFileReference; explicitFileType = wrapper.application; includeInIndex = 0; path = Paw.app; sourceTree = BUILT_PRODUCTS_DIR; };
		6A420F7528BE0D27003199E6 /* AppDelegate.swift */ = {isa = PBXFileReference; lastKnownFileType = sourcecode.swift; path = AppDelegate.swift; sourceTree = "<group>"; };
		6A420F7728BE0D27003199E6 /* SceneDelegate.swift */ = {isa = PBXFileReference; lastKnownFileType = sourcecode.swift; path = SceneDelegate.swift; sourceTree = "<group>"; };
		6A420F7E28BE0D2C003199E6 /* Assets.xcassets */ = {isa = PBXFileReference; lastKnownFileType = folder.assetcatalog; path = Assets.xcassets; sourceTree = "<group>"; };
		6A420F8128BE0D2C003199E6 /* Base */ = {isa = PBXFileReference; lastKnownFileType = file.storyboard; name = Base; path = Base.lproj/LaunchScreen.storyboard; sourceTree = "<group>"; };
		6A420F8328BE0D2C003199E6 /* Info.plist */ = {isa = PBXFileReference; lastKnownFileType = text.plist.xml; path = Info.plist; sourceTree = "<group>"; };
		6A420F8828BE0D2C003199E6 /* PawTests.xctest */ = {isa = PBXFileReference; explicitFileType = wrapper.cfbundle; includeInIndex = 0; path = PawTests.xctest; sourceTree = BUILT_PRODUCTS_DIR; };
		6A420F8C28BE0D2C003199E6 /* PawTests.swift */ = {isa = PBXFileReference; lastKnownFileType = sourcecode.swift; path = PawTests.swift; sourceTree = "<group>"; };
		6A420F9228BE0D2C003199E6 /* PawUITests.xctest */ = {isa = PBXFileReference; explicitFileType = wrapper.cfbundle; includeInIndex = 0; path = PawUITests.xctest; sourceTree = BUILT_PRODUCTS_DIR; };
		6A420F9628BE0D2C003199E6 /* PawUITests.swift */ = {isa = PBXFileReference; lastKnownFileType = sourcecode.swift; path = PawUITests.swift; sourceTree = "<group>"; };
		6A420F9828BE0D2C003199E6 /* PawUITestsLaunchTests.swift */ = {isa = PBXFileReference; lastKnownFileType = sourcecode.swift; path = PawUITestsLaunchTests.swift; sourceTree = "<group>"; };
/* End PBXFileReference section */

/* Begin PBXFrameworksBuildPhase section */
		6A420F6F28BE0D27003199E6 /* Frameworks */ = {
			isa = PBXFrameworksBuildPhase;
			buildActionMask = 2147483647;
			files = (
			);
			runOnlyForDeploymentPostprocessing = 0;
		};
		6A420F8528BE0D2C003199E6 /* Frameworks */ = {
			isa = PBXFrameworksBuildPhase;
			buildActionMask = 2147483647;
			files = (
			);
			runOnlyForDeploymentPostprocessing = 0;
		};
		6A420F8F28BE0D2C003199E6 /* Frameworks */ = {
			isa = PBXFrameworksBuildPhase;
			buildActionMask = 2147483647;
			files = (
			);
			runOnlyForDeploymentPostprocessing = 0;
		};
/* End PBXFrameworksBuildPhase section */

/* Begin PBXGroup section */
		6A420F6928BE0D27003199E6 = {
			isa = PBXGroup;
			children = (
				6A420F7428BE0D27003199E6 /* Paw */,
				6A420F8B28BE0D2C003199E6 /* PawTests */,
				6A420F9528BE0D2C003199E6 /* PawUITests */,
				6A420F7328BE0D27003199E6 /* Products */,
			);
			sourceTree = "<group>";
		};
		6A420F7328BE0D27003199E6 /* Products */ = {
			isa = PBXGroup;
			children = (
				6A420F7228BE0D27003199E6 /* Paw.app */,
				6A420F8828BE0D2C003199E6 /* PawTests.xctest */,
				6A420F9228BE0D2C003199E6 /* PawUITests.xctest */,
			);
			name = Products;
			sourceTree = "<group>";
		};
		6A420F7428BE0D27003199E6 /* Paw */ = {
			isa = PBXGroup;
			children = (
				6A420F8328BE0D2C003199E6 /* Info.plist */,
				6A420F7E28BE0D2C003199E6 /* Assets.xcassets */,
				6A420FA528BE0D87003199E6 /* App */,
				6A420FA628BE0D8E003199E6 /* Views */,
			);
			path = Paw;
			sourceTree = "<group>";
		};
		6A420F8B28BE0D2C003199E6 /* PawTests */ = {
			isa = PBXGroup;
			children = (
				6A420F8C28BE0D2C003199E6 /* PawTests.swift */,
			);
			path = PawTests;
			sourceTree = "<group>";
		};
		6A420F9528BE0D2C003199E6 /* PawUITests */ = {
			isa = PBXGroup;
			children = (
				6A420F9628BE0D2C003199E6 /* PawUITests.swift */,
				6A420F9828BE0D2C003199E6 /* PawUITestsLaunchTests.swift */,
			);
			path = PawUITests;
			sourceTree = "<group>";
		};
		6A420FA528BE0D87003199E6 /* App */ = {
			isa = PBXGroup;
			children = (
				6A420F7528BE0D27003199E6 /* AppDelegate.swift */,
				6A420F7728BE0D27003199E6 /* SceneDelegate.swift */,
			);
			path = App;
			sourceTree = "<group>";
		};
		6A420FA628BE0D8E003199E6 /* Views */ = {
			isa = PBXGroup;
			children = (
				6A420FA728BE0D93003199E6 /* Launch */,
			);
			path = Views;
			sourceTree = "<group>";
		};
		6A420FA728BE0D93003199E6 /* Launch */ = {
			isa = PBXGroup;
			children = (
				6A420F8028BE0D2C003199E6 /* LaunchScreen.storyboard */,
			);
			path = Launch;
			sourceTree = "<group>";
		};
/* End PBXGroup section */

/* Begin PBXNativeTarget section */
		6A420F7128BE0D27003199E6 /* Paw */ = {
			isa = PBXNativeTarget;
			buildConfigurationList = 6A420F9C28BE0D2C003199E6 /* Build configuration list for PBXNativeTarget "Paw" */;
			buildPhases = (
				6A420F6E28BE0D27003199E6 /* Sources */,
				6A420F6F28BE0D27003199E6 /* Frameworks */,
				6A420F7028BE0D27003199E6 /* Resources */,
				6AD8654228BE186E0051037D /* SwiftFormat */,
				6AD8654328BE18950051037D /* SwiftLint */,
			);
			buildRules = (
			);
			dependencies = (
			);
			name = Paw;
			productName = Paw;
			productReference = 6A420F7228BE0D27003199E6 /* Paw.app */;
			productType = "com.apple.product-type.application";
		};
		6A420F8728BE0D2C003199E6 /* PawTests */ = {
			isa = PBXNativeTarget;
			buildConfigurationList = 6A420F9F28BE0D2C003199E6 /* Build configuration list for PBXNativeTarget "PawTests" */;
			buildPhases = (
				6A420F8428BE0D2C003199E6 /* Sources */,
				6A420F8528BE0D2C003199E6 /* Frameworks */,
				6A420F8628BE0D2C003199E6 /* Resources */,
			);
			buildRules = (
			);
			dependencies = (
				6A420F8A28BE0D2C003199E6 /* PBXTargetDependency */,
			);
			name = PawTests;
			productName = PawTests;
			productReference = 6A420F8828BE0D2C003199E6 /* PawTests.xctest */;
			productType = "com.apple.product-type.bundle.unit-test";
		};
		6A420F9128BE0D2C003199E6 /* PawUITests */ = {
			isa = PBXNativeTarget;
			buildConfigurationList = 6A420FA228BE0D2C003199E6 /* Build configuration list for PBXNativeTarget "PawUITests" */;
			buildPhases = (
				6A420F8E28BE0D2C003199E6 /* Sources */,
				6A420F8F28BE0D2C003199E6 /* Frameworks */,
				6A420F9028BE0D2C003199E6 /* Resources */,
			);
			buildRules = (
			);
			dependencies = (
				6A420F9428BE0D2C003199E6 /* PBXTargetDependency */,
			);
			name = PawUITests;
			productName = PawUITests;
			productReference = 6A420F9228BE0D2C003199E6 /* PawUITests.xctest */;
			productType = "com.apple.product-type.bundle.ui-testing";
		};
/* End PBXNativeTarget section */

/* Begin PBXProject section */
		6A420F6A28BE0D27003199E6 /* Project object */ = {
			isa = PBXProject;
			attributes = {
				BuildIndependentTargetsInParallel = 1;
				LastSwiftUpdateCheck = 1340;
				LastUpgradeCheck = 1340;
				TargetAttributes = {
					6A420F7128BE0D27003199E6 = {
						CreatedOnToolsVersion = 13.4.1;
					};
					6A420F8728BE0D2C003199E6 = {
						CreatedOnToolsVersion = 13.4.1;
						TestTargetID = 6A420F7128BE0D27003199E6;
					};
					6A420F9128BE0D2C003199E6 = {
						CreatedOnToolsVersion = 13.4.1;
						TestTargetID = 6A420F7128BE0D27003199E6;
					};
				};
			};
			buildConfigurationList = 6A420F6D28BE0D27003199E6 /* Build configuration list for PBXProject "Paw" */;
			compatibilityVersion = "Xcode 13.0";
			developmentRegion = en;
			hasScannedForEncodings = 0;
			knownRegions = (
				en,
				Base,
			);
			mainGroup = 6A420F6928BE0D27003199E6;
			productRefGroup = 6A420F7328BE0D27003199E6 /* Products */;
			projectDirPath = "";
			projectRoot = "";
			targets = (
				6A420F7128BE0D27003199E6 /* Paw */,
				6A420F8728BE0D2C003199E6 /* PawTests */,
				6A420F9128BE0D2C003199E6 /* PawUITests */,
			);
		};
/* End PBXProject section */

/* Begin PBXResourcesBuildPhase section */
		6A420F7028BE0D27003199E6 /* Resources */ = {
			isa = PBXResourcesBuildPhase;
			buildActionMask = 2147483647;
			files = (
				6A420F8228BE0D2C003199E6 /* LaunchScreen.storyboard in Resources */,
				6A420F7F28BE0D2C003199E6 /* Assets.xcassets in Resources */,
			);
			runOnlyForDeploymentPostprocessing = 0;
		};
		6A420F8628BE0D2C003199E6 /* Resources */ = {
			isa = PBXResourcesBuildPhase;
			buildActionMask = 2147483647;
			files = (
			);
			runOnlyForDeploymentPostprocessing = 0;
		};
		6A420F9028BE0D2C003199E6 /* Resources */ = {
			isa = PBXResourcesBuildPhase;
			buildActionMask = 2147483647;
			files = (
			);
			runOnlyForDeploymentPostprocessing = 0;
		};
/* End PBXResourcesBuildPhase section */

/* Begin PBXShellScriptBuildPhase section */
		6AD8654228BE186E0051037D /* SwiftFormat */ = {
			isa = PBXShellScriptBuildPhase;
			buildActionMask = 2147483647;
			files = (
			);
			inputFileListPaths = (
			);
			inputPaths = (
			);
			name = SwiftFormat;
			outputFileListPaths = (
			);
			outputPaths = (
			);
			runOnlyForDeploymentPostprocessing = 0;
			shellPath = /bin/sh;
			shellScript = "cd ./BuildTools\nSDKROOT=(xcrun --sdk macosx --show-sdk-path)\nswift run -c release swiftformat \"$SRCROOT\" --config ../.swiftformat --swiftversion 5.4\n";
		};
		6AD8654328BE18950051037D /* SwiftLint */ = {
			isa = PBXShellScriptBuildPhase;
			buildActionMask = 2147483647;
			files = (
			);
			inputFileListPaths = (
			);
			inputPaths = (
			);
			name = SwiftLint;
			outputFileListPaths = (
			);
			outputPaths = (
			);
			runOnlyForDeploymentPostprocessing = 0;
			shellPath = /bin/sh;
			shellScript = "cd ./BuildTools\nSDKROOT=(xcrun --sdk macosx --show-sdk-path)\nswift run -c release swiftlint \"$SRCROOT\" --config ../.swiftlint.yml --path ../\n";
		};
/* End PBXShellScriptBuildPhase section */

/* Begin PBXSourcesBuildPhase section */
		6A420F6E28BE0D27003199E6 /* Sources */ = {
			isa = PBXSourcesBuildPhase;
			buildActionMask = 2147483647;
			files = (
				6A420F7628BE0D27003199E6 /* AppDelegate.swift in Sources */,
				6A420F7828BE0D27003199E6 /* SceneDelegate.swift in Sources */,
			);
			runOnlyForDeploymentPostprocessing = 0;
		};
		6A420F8428BE0D2C003199E6 /* Sources */ = {
			isa = PBXSourcesBuildPhase;
			buildActionMask = 2147483647;
			files = (
				6A420F8D28BE0D2C003199E6 /* PawTests.swift in Sources */,
			);
			runOnlyForDeploymentPostprocessing = 0;
		};
		6A420F8E28BE0D2C003199E6 /* Sources */ = {
			isa = PBXSourcesBuildPhase;
			buildActionMask = 2147483647;
			files = (
				6A420F9728BE0D2C003199E6 /* PawUITests.swift in Sources */,
				6A420F9928BE0D2C003199E6 /* PawUITestsLaunchTests.swift in Sources */,
			);
			runOnlyForDeploymentPostprocessing = 0;
		};
/* End PBXSourcesBuildPhase section */

/* Begin PBXTargetDependency section */
		6A420F8A28BE0D2C003199E6 /* PBXTargetDependency */ = {
			isa = PBXTargetDependency;
			target = 6A420F7128BE0D27003199E6 /* Paw */;
			targetProxy = 6A420F8928BE0D2C003199E6 /* PBXContainerItemProxy */;
		};
		6A420F9428BE0D2C003199E6 /* PBXTargetDependency */ = {
			isa = PBXTargetDependency;
			target = 6A420F7128BE0D27003199E6 /* Paw */;
			targetProxy = 6A420F9328BE0D2C003199E6 /* PBXContainerItemProxy */;
		};
/* End PBXTargetDependency section */

/* Begin PBXVariantGroup section */
		6A420F8028BE0D2C003199E6 /* LaunchScreen.storyboard */ = {
			isa = PBXVariantGroup;
			children = (
				6A420F8128BE0D2C003199E6 /* Base */,
			);
			name = LaunchScreen.storyboard;
			sourceTree = "<group>";
		};
/* End PBXVariantGroup section */

/* Begin XCBuildConfiguration section */
		6A420F9A28BE0D2C003199E6 /* Debug */ = {
			isa = XCBuildConfiguration;
			buildSettings = {
				ALWAYS_SEARCH_USER_PATHS = NO;
				CLANG_ANALYZER_NONNULL = YES;
				CLANG_ANALYZER_NUMBER_OBJECT_CONVERSION = YES_AGGRESSIVE;
				CLANG_CXX_LANGUAGE_STANDARD = "gnu++17";
				CLANG_ENABLE_MODULES = YES;
				CLANG_ENABLE_OBJC_ARC = YES;
				CLANG_ENABLE_OBJC_WEAK = YES;
				CLANG_WARN_BLOCK_CAPTURE_AUTORELEASING = YES;
				CLANG_WARN_BOOL_CONVERSION = YES;
				CLANG_WARN_COMMA = YES;
				CLANG_WARN_CONSTANT_CONVERSION = YES;
				CLANG_WARN_DEPRECATED_OBJC_IMPLEMENTATIONS = YES;
				CLANG_WARN_DIRECT_OBJC_ISA_USAGE = YES_ERROR;
				CLANG_WARN_DOCUMENTATION_COMMENTS = YES;
				CLANG_WARN_EMPTY_BODY = YES;
				CLANG_WARN_ENUM_CONVERSION = YES;
				CLANG_WARN_INFINITE_RECURSION = YES;
				CLANG_WARN_INT_CONVERSION = YES;
				CLANG_WARN_NON_LITERAL_NULL_CONVERSION = YES;
				CLANG_WARN_OBJC_IMPLICIT_RETAIN_SELF = YES;
				CLANG_WARN_OBJC_LITERAL_CONVERSION = YES;
				CLANG_WARN_OBJC_ROOT_CLASS = YES_ERROR;
				CLANG_WARN_QUOTED_INCLUDE_IN_FRAMEWORK_HEADER = YES;
				CLANG_WARN_RANGE_LOOP_ANALYSIS = YES;
				CLANG_WARN_STRICT_PROTOTYPES = YES;
				CLANG_WARN_SUSPICIOUS_MOVE = YES;
				CLANG_WARN_UNGUARDED_AVAILABILITY = YES_AGGRESSIVE;
				CLANG_WARN_UNREACHABLE_CODE = YES;
				CLANG_WARN__DUPLICATE_METHOD_MATCH = YES;
				COPY_PHASE_STRIP = NO;
				DEBUG_INFORMATION_FORMAT = dwarf;
				ENABLE_STRICT_OBJC_MSGSEND = YES;
				ENABLE_TESTABILITY = YES;
				GCC_C_LANGUAGE_STANDARD = gnu11;
				GCC_DYNAMIC_NO_PIC = NO;
				GCC_NO_COMMON_BLOCKS = YES;
				GCC_OPTIMIZATION_LEVEL = 0;
				GCC_PREPROCESSOR_DEFINITIONS = (
					"DEBUG=1",
					"$(inherited)",
				);
				GCC_WARN_64_TO_32_BIT_CONVERSION = YES;
				GCC_WARN_ABOUT_RETURN_TYPE = YES_ERROR;
				GCC_WARN_UNDECLARED_SELECTOR = YES;
				GCC_WARN_UNINITIALIZED_AUTOS = YES_AGGRESSIVE;
				GCC_WARN_UNUSED_FUNCTION = YES;
				GCC_WARN_UNUSED_VARIABLE = YES;
				IPHONEOS_DEPLOYMENT_TARGET = 15.5;
				MTL_ENABLE_DEBUG_INFO = INCLUDE_SOURCE;
				MTL_FAST_MATH = YES;
				ONLY_ACTIVE_ARCH = YES;
				SDKROOT = iphoneos;
				SWIFT_ACTIVE_COMPILATION_CONDITIONS = DEBUG;
				SWIFT_OPTIMIZATION_LEVEL = "-Onone";
			};
			name = Debug;
		};
		6A420F9B28BE0D2C003199E6 /* Release */ = {
			isa = XCBuildConfiguration;
			buildSettings = {
				ALWAYS_SEARCH_USER_PATHS = NO;
				CLANG_ANALYZER_NONNULL = YES;
				CLANG_ANALYZER_NUMBER_OBJECT_CONVERSION = YES_AGGRESSIVE;
				CLANG_CXX_LANGUAGE_STANDARD = "gnu++17";
				CLANG_ENABLE_MODULES = YES;
				CLANG_ENABLE_OBJC_ARC = YES;
				CLANG_ENABLE_OBJC_WEAK = YES;
				CLANG_WARN_BLOCK_CAPTURE_AUTORELEASING = YES;
				CLANG_WARN_BOOL_CONVERSION = YES;
				CLANG_WARN_COMMA = YES;
				CLANG_WARN_CONSTANT_CONVERSION = YES;
				CLANG_WARN_DEPRECATED_OBJC_IMPLEMENTATIONS = YES;
				CLANG_WARN_DIRECT_OBJC_ISA_USAGE = YES_ERROR;
				CLANG_WARN_DOCUMENTATION_COMMENTS = YES;
				CLANG_WARN_EMPTY_BODY = YES;
				CLANG_WARN_ENUM_CONVERSION = YES;
				CLANG_WARN_INFINITE_RECURSION = YES;
				CLANG_WARN_INT_CONVERSION = YES;
				CLANG_WARN_NON_LITERAL_NULL_CONVERSION = YES;
				CLANG_WARN_OBJC_IMPLICIT_RETAIN_SELF = YES;
				CLANG_WARN_OBJC_LITERAL_CONVERSION = YES;
				CLANG_WARN_OBJC_ROOT_CLASS = YES_ERROR;
				CLANG_WARN_QUOTED_INCLUDE_IN_FRAMEWORK_HEADER = YES;
				CLANG_WARN_RANGE_LOOP_ANALYSIS = YES;
				CLANG_WARN_STRICT_PROTOTYPES = YES;
				CLANG_WARN_SUSPICIOUS_MOVE = YES;
				CLANG_WARN_UNGUARDED_AVAILABILITY = YES_AGGRESSIVE;
				CLANG_WARN_UNREACHABLE_CODE = YES;
				CLANG_WARN__DUPLICATE_METHOD_MATCH = YES;
				COPY_PHASE_STRIP = NO;
				DEBUG_INFORMATION_FORMAT = "dwarf-with-dsym";
				ENABLE_NS_ASSERTIONS = NO;
				ENABLE_STRICT_OBJC_MSGSEND = YES;
				GCC_C_LANGUAGE_STANDARD = gnu11;
				GCC_NO_COMMON_BLOCKS = YES;
				GCC_WARN_64_TO_32_BIT_CONVERSION = YES;
				GCC_WARN_ABOUT_RETURN_TYPE = YES_ERROR;
				GCC_WARN_UNDECLARED_SELECTOR = YES;
				GCC_WARN_UNINITIALIZED_AUTOS = YES_AGGRESSIVE;
				GCC_WARN_UNUSED_FUNCTION = YES;
				GCC_WARN_UNUSED_VARIABLE = YES;
				IPHONEOS_DEPLOYMENT_TARGET = 15.5;
				MTL_ENABLE_DEBUG_INFO = NO;
				MTL_FAST_MATH = YES;
				SDKROOT = iphoneos;
				SWIFT_COMPILATION_MODE = wholemodule;
				SWIFT_OPTIMIZATION_LEVEL = "-O";
				VALIDATE_PRODUCT = YES;
			};
			name = Release;
		};
		6A420F9D28BE0D2C003199E6 /* Debug */ = {
			isa = XCBuildConfiguration;
			buildSettings = {
				ASSETCATALOG_COMPILER_APPICON_NAME = AppIcon;
				ASSETCATALOG_COMPILER_GLOBAL_ACCENT_COLOR_NAME = AccentColor;
				CODE_SIGN_STYLE = Automatic;
				CURRENT_PROJECT_VERSION = 1;
				DEVELOPMENT_TEAM = CBUNS24C9F;
				GENERATE_INFOPLIST_FILE = YES;
				INFOPLIST_FILE = Paw/Info.plist;
				INFOPLIST_KEY_UIApplicationSupportsIndirectInputEvents = YES;
				INFOPLIST_KEY_UILaunchStoryboardName = LaunchScreen;
				INFOPLIST_KEY_UISupportedInterfaceOrientations_iPad = "UIInterfaceOrientationPortrait UIInterfaceOrientationPortraitUpsideDown UIInterfaceOrientationLandscapeLeft UIInterfaceOrientationLandscapeRight";
				INFOPLIST_KEY_UISupportedInterfaceOrientations_iPhone = "UIInterfaceOrientationPortrait UIInterfaceOrientationLandscapeLeft UIInterfaceOrientationLandscapeRight";
				LD_RUNPATH_SEARCH_PATHS = (
					"$(inherited)",
					"@executable_path/Frameworks",
				);
				MARKETING_VERSION = 1.0;
				PRODUCT_BUNDLE_IDENTIFIER = uk.co.everydaydev.paw.dev;
				PRODUCT_NAME = "$(TARGET_NAME)";
				SWIFT_EMIT_LOC_STRINGS = YES;
				SWIFT_VERSION = 5.0;
				TARGETED_DEVICE_FAMILY = "1,2";
			};
			name = Debug;
		};
		6A420F9E28BE0D2C003199E6 /* Release */ = {
			isa = XCBuildConfiguration;
			buildSettings = {
				ASSETCATALOG_COMPILER_APPICON_NAME = AppIcon;
				ASSETCATALOG_COMPILER_GLOBAL_ACCENT_COLOR_NAME = AccentColor;
				CODE_SIGN_STYLE = Automatic;
				CURRENT_PROJECT_VERSION = 1;
				DEVELOPMENT_TEAM = CBUNS24C9F;
				GENERATE_INFOPLIST_FILE = YES;
				INFOPLIST_FILE = Paw/Info.plist;
				INFOPLIST_KEY_UIApplicationSupportsIndirectInputEvents = YES;
				INFOPLIST_KEY_UILaunchStoryboardName = LaunchScreen;
				INFOPLIST_KEY_UISupportedInterfaceOrientations_iPad = "UIInterfaceOrientationPortrait UIInterfaceOrientationPortraitUpsideDown UIInterfaceOrientationLandscapeLeft UIInterfaceOrientationLandscapeRight";
				INFOPLIST_KEY_UISupportedInterfaceOrientations_iPhone = "UIInterfaceOrientationPortrait UIInterfaceOrientationLandscapeLeft UIInterfaceOrientationLandscapeRight";
				LD_RUNPATH_SEARCH_PATHS = (
					"$(inherited)",
					"@executable_path/Frameworks",
				);
				MARKETING_VERSION = 1.0;
				PRODUCT_BUNDLE_IDENTIFIER = uk.co.everydaydev.paw.dev;
				PRODUCT_NAME = "$(TARGET_NAME)";
				SWIFT_EMIT_LOC_STRINGS = YES;
				SWIFT_VERSION = 5.0;
				TARGETED_DEVICE_FAMILY = "1,2";
			};
			name = Release;
		};
		6A420FA028BE0D2C003199E6 /* Debug */ = {
			isa = XCBuildConfiguration;
			buildSettings = {
				ALWAYS_EMBED_SWIFT_STANDARD_LIBRARIES = YES;
				BUNDLE_LOADER = "$(TEST_HOST)";
				CODE_SIGN_STYLE = Automatic;
				CURRENT_PROJECT_VERSION = 1;
				DEVELOPMENT_TEAM = CBUNS24C9F;
				GENERATE_INFOPLIST_FILE = YES;
				IPHONEOS_DEPLOYMENT_TARGET = 15.5;
				MARKETING_VERSION = 1.0;
				PRODUCT_BUNDLE_IDENTIFIER = uk.co.everydaydev.PawTests;
				PRODUCT_NAME = "$(TARGET_NAME)";
				SWIFT_EMIT_LOC_STRINGS = NO;
				SWIFT_VERSION = 5.0;
				TARGETED_DEVICE_FAMILY = "1,2";
				TEST_HOST = "$(BUILT_PRODUCTS_DIR)/Paw.app/Paw";
			};
			name = Debug;
		};
		6A420FA128BE0D2C003199E6 /* Release */ = {
			isa = XCBuildConfiguration;
			buildSettings = {
				ALWAYS_EMBED_SWIFT_STANDARD_LIBRARIES = YES;
				BUNDLE_LOADER = "$(TEST_HOST)";
				CODE_SIGN_STYLE = Automatic;
				CURRENT_PROJECT_VERSION = 1;
				DEVELOPMENT_TEAM = CBUNS24C9F;
				GENERATE_INFOPLIST_FILE = YES;
				IPHONEOS_DEPLOYMENT_TARGET = 15.5;
				MARKETING_VERSION = 1.0;
				PRODUCT_BUNDLE_IDENTIFIER = uk.co.everydaydev.PawTests;
				PRODUCT_NAME = "$(TARGET_NAME)";
				SWIFT_EMIT_LOC_STRINGS = NO;
				SWIFT_VERSION = 5.0;
				TARGETED_DEVICE_FAMILY = "1,2";
				TEST_HOST = "$(BUILT_PRODUCTS_DIR)/Paw.app/Paw";
			};
			name = Release;
		};
		6A420FA328BE0D2C003199E6 /* Debug */ = {
			isa = XCBuildConfiguration;
			buildSettings = {
				ALWAYS_EMBED_SWIFT_STANDARD_LIBRARIES = YES;
				CODE_SIGN_STYLE = Automatic;
				CURRENT_PROJECT_VERSION = 1;
				DEVELOPMENT_TEAM = CBUNS24C9F;
				GENERATE_INFOPLIST_FILE = YES;
				MARKETING_VERSION = 1.0;
				PRODUCT_BUNDLE_IDENTIFIER = uk.co.everydaydev.PawUITests;
				PRODUCT_NAME = "$(TARGET_NAME)";
				SWIFT_EMIT_LOC_STRINGS = NO;
				SWIFT_VERSION = 5.0;
				TARGETED_DEVICE_FAMILY = "1,2";
				TEST_TARGET_NAME = Paw;
			};
			name = Debug;
		};
		6A420FA428BE0D2C003199E6 /* Release */ = {
			isa = XCBuildConfiguration;
			buildSettings = {
				ALWAYS_EMBED_SWIFT_STANDARD_LIBRARIES = YES;
				CODE_SIGN_STYLE = Automatic;
				CURRENT_PROJECT_VERSION = 1;
				DEVELOPMENT_TEAM = CBUNS24C9F;
				GENERATE_INFOPLIST_FILE = YES;
				MARKETING_VERSION = 1.0;
				PRODUCT_BUNDLE_IDENTIFIER = uk.co.everydaydev.PawUITests;
				PRODUCT_NAME = "$(TARGET_NAME)";
				SWIFT_EMIT_LOC_STRINGS = NO;
				SWIFT_VERSION = 5.0;
				TARGETED_DEVICE_FAMILY = "1,2";
				TEST_TARGET_NAME = Paw;
			};
			name = Release;
		};
/* End XCBuildConfiguration section */

/* Begin XCConfigurationList section */
		6A420F6D28BE0D27003199E6 /* Build configuration list for PBXProject "Paw" */ = {
			isa = XCConfigurationList;
			buildConfigurations = (
				6A420F9A28BE0D2C003199E6 /* Debug */,
				6A420F9B28BE0D2C003199E6 /* Release */,
			);
			defaultConfigurationIsVisible = 0;
			defaultConfigurationName = Release;
		};
		6A420F9C28BE0D2C003199E6 /* Build configuration list for PBXNativeTarget "Paw" */ = {
			isa = XCConfigurationList;
			buildConfigurations = (
				6A420F9D28BE0D2C003199E6 /* Debug */,
				6A420F9E28BE0D2C003199E6 /* Release */,
			);
			defaultConfigurationIsVisible = 0;
			defaultConfigurationName = Release;
		};
		6A420F9F28BE0D2C003199E6 /* Build configuration list for PBXNativeTarget "PawTests" */ = {
			isa = XCConfigurationList;
			buildConfigurations = (
				6A420FA028BE0D2C003199E6 /* Debug */,
				6A420FA128BE0D2C003199E6 /* Release */,
			);
			defaultConfigurationIsVisible = 0;
			defaultConfigurationName = Release;
		};
		6A420FA228BE0D2C003199E6 /* Build configuration list for PBXNativeTarget "PawUITests" */ = {
			isa = XCConfigurationList;
			buildConfigurations = (
				6A420FA328BE0D2C003199E6 /* Debug */,
				6A420FA428BE0D2C003199E6 /* Release */,
			);
			defaultConfigurationIsVisible = 0;
			defaultConfigurationName = Release;
		};
/* End XCConfigurationList section */
	};
	rootObject = 6A420F6A28BE0D27003199E6 /* Project object */;
}
