// !$*UTF8*$!
{
	archiveVersion = 1;
	classes = {
	};
	objectVersion = 55;
	objects = {

/* Begin PBXBuildFile section */
		6A4199E528BE578A006B48C4 /* FeedResponseMapperTests.swift in Sources */ = {isa = PBXBuildFile; fileRef = 6A4199E428BE578A006B48C4 /* FeedResponseMapperTests.swift */; };
		6A4199E728C0ADDA006B48C4 /* HTTPURLResponse+StatusCode.swift in Sources */ = {isa = PBXBuildFile; fileRef = 6A4199E628C0ADDA006B48C4 /* HTTPURLResponse+StatusCode.swift */; };
		6A4199EB28C0B9A5006B48C4 /* FeedResponseMapper.swift in Sources */ = {isa = PBXBuildFile; fileRef = 6A4199EA28C0B9A5006B48C4 /* FeedResponseMapper.swift */; };
		6A4199EE28C0B9C5006B48C4 /* FeedItem.swift in Sources */ = {isa = PBXBuildFile; fileRef = 6A4199ED28C0B9C5006B48C4 /* FeedItem.swift */; };
		6A4199F828C0DE77006B48C4 /* URLRequestBuilder.swift in Sources */ = {isa = PBXBuildFile; fileRef = 6A4199F728C0DE77006B48C4 /* URLRequestBuilder.swift */; };
		6A4199FB28C0DEB4006B48C4 /* URLRequestBuilderTests.swift in Sources */ = {isa = PBXBuildFile; fileRef = 6A4199FA28C0DEB4006B48C4 /* URLRequestBuilderTests.swift */; };
		6A419A0328C1A6C2006B48C4 /* ResourceErrorView.swift in Sources */ = {isa = PBXBuildFile; fileRef = 6A419A0228C1A6C2006B48C4 /* ResourceErrorView.swift */; };
		6A419A0528C1A6E1006B48C4 /* ResourceLoadingView.swift in Sources */ = {isa = PBXBuildFile; fileRef = 6A419A0428C1A6E1006B48C4 /* ResourceLoadingView.swift */; };
		6A419A0728C1A700006B48C4 /* ResourceView.swift in Sources */ = {isa = PBXBuildFile; fileRef = 6A419A0628C1A700006B48C4 /* ResourceView.swift */; };
		6A419A0928C1A711006B48C4 /* LoadResourcePresenter.swift in Sources */ = {isa = PBXBuildFile; fileRef = 6A419A0828C1A711006B48C4 /* LoadResourcePresenter.swift */; };
		6A419A0C28C1A78B006B48C4 /* LoadResourcePresentationAdapter.swift in Sources */ = {isa = PBXBuildFile; fileRef = 6A419A0B28C1A78B006B48C4 /* LoadResourcePresentationAdapter.swift */; };
		6A419A0E28C1A7D8006B48C4 /* Combine+Helpers.swift in Sources */ = {isa = PBXBuildFile; fileRef = 6A419A0D28C1A7D8006B48C4 /* Combine+Helpers.swift */; };
		6A419A1328C1A86D006B48C4 /* FeedUIComposer.swift in Sources */ = {isa = PBXBuildFile; fileRef = 6A419A1228C1A86D006B48C4 /* FeedUIComposer.swift */; };
		6A419A1628C1A8A5006B48C4 /* CollectionViewController.swift in Sources */ = {isa = PBXBuildFile; fileRef = 6A419A1528C1A8A5006B48C4 /* CollectionViewController.swift */; };
		6A419A1828C1AA02006B48C4 /* CellController.swift in Sources */ = {isa = PBXBuildFile; fileRef = 6A419A1728C1AA02006B48C4 /* CellController.swift */; };
		6A419A1A28C1ABA2006B48C4 /* PetGridViewCell.swift in Sources */ = {isa = PBXBuildFile; fileRef = 6A419A1928C1ABA2006B48C4 /* PetGridViewCell.swift */; };
		6A419A1D28C1AC86006B48C4 /* UICollectionView+Dequeueing.swift in Sources */ = {isa = PBXBuildFile; fileRef = 6A419A1C28C1AC86006B48C4 /* UICollectionView+Dequeueing.swift */; };
		6A419A1F28C1AE5E006B48C4 /* FeedViewAdapter.swift in Sources */ = {isa = PBXBuildFile; fileRef = 6A419A1E28C1AE5E006B48C4 /* FeedViewAdapter.swift */; };
		6A419A2128C1AF4E006B48C4 /* PetGridViewCellController.swift in Sources */ = {isa = PBXBuildFile; fileRef = 6A419A2028C1AF4E006B48C4 /* PetGridViewCellController.swift */; };
		6A419A2528C1B6EF006B48C4 /* FeedUIIntegrationTests.swift in Sources */ = {isa = PBXBuildFile; fileRef = 6A419A2428C1B6EF006B48C4 /* FeedUIIntegrationTests.swift */; };
		6A419A2728C1BBCA006B48C4 /* WeakRefVirtualProxy.swift in Sources */ = {isa = PBXBuildFile; fileRef = 6A419A2628C1BBCA006B48C4 /* WeakRefVirtualProxy.swift */; };
		6A419A2A28C1C03F006B48C4 /* FeedUIIntegrationTests+LoaderSpy.swift in Sources */ = {isa = PBXBuildFile; fileRef = 6A419A2928C1C03F006B48C4 /* FeedUIIntegrationTests+LoaderSpy.swift */; };
		6A419A2C28C1C068006B48C4 /* FeedUIIntegrationTests+Assertions.swift in Sources */ = {isa = PBXBuildFile; fileRef = 6A419A2B28C1C068006B48C4 /* FeedUIIntegrationTests+Assertions.swift */; };
		6A419A2E28C1C0BA006B48C4 /* CollectionViewController+TestHelpers.swift in Sources */ = {isa = PBXBuildFile; fileRef = 6A419A2D28C1C0BA006B48C4 /* CollectionViewController+TestHelpers.swift */; };
		6A419A3028C1C0D4006B48C4 /* UIView+LayoutCycle.swift in Sources */ = {isa = PBXBuildFile; fileRef = 6A419A2F28C1C0D4006B48C4 /* UIView+LayoutCycle.swift */; };
		6A419A3228C1C0FD006B48C4 /* PetGridViewCell+TestHelpers.swift in Sources */ = {isa = PBXBuildFile; fileRef = 6A419A3128C1C0FD006B48C4 /* PetGridViewCell+TestHelpers.swift */; };
		6A420F7628BE0D27003199E6 /* AppDelegate.swift in Sources */ = {isa = PBXBuildFile; fileRef = 6A420F7528BE0D27003199E6 /* AppDelegate.swift */; };
		6A420F7828BE0D27003199E6 /* SceneDelegate.swift in Sources */ = {isa = PBXBuildFile; fileRef = 6A420F7728BE0D27003199E6 /* SceneDelegate.swift */; };
		6A420F7F28BE0D2C003199E6 /* Assets.xcassets in Resources */ = {isa = PBXBuildFile; fileRef = 6A420F7E28BE0D2C003199E6 /* Assets.xcassets */; };
		6A420F8228BE0D2C003199E6 /* LaunchScreen.storyboard in Resources */ = {isa = PBXBuildFile; fileRef = 6A420F8028BE0D2C003199E6 /* LaunchScreen.storyboard */; };
		6A420F9728BE0D2C003199E6 /* PawUITests.swift in Sources */ = {isa = PBXBuildFile; fileRef = 6A420F9628BE0D2C003199E6 /* PawUITests.swift */; };
		6A420F9928BE0D2C003199E6 /* PawUITestsLaunchTests.swift in Sources */ = {isa = PBXBuildFile; fileRef = 6A420F9828BE0D2C003199E6 /* PawUITestsLaunchTests.swift */; };
		6A4F5C3B28C2021400850217 /* FeedItemPresenter.swift in Sources */ = {isa = PBXBuildFile; fileRef = 6A4F5C3A28C2021400850217 /* FeedItemPresenter.swift */; };
		6A4F5C3D28C2022600850217 /* FeedItemViewModel.swift in Sources */ = {isa = PBXBuildFile; fileRef = 6A4F5C3C28C2022600850217 /* FeedItemViewModel.swift */; };
		6A4F5C4028C20C5000850217 /* FeedItemPresenterTests.swift in Sources */ = {isa = PBXBuildFile; fileRef = 6A4F5C3F28C20C5000850217 /* FeedItemPresenterTests.swift */; };
		6A4F5C4328C20F1D00850217 /* ImageDataResponseMapper.swift in Sources */ = {isa = PBXBuildFile; fileRef = 6A4F5C4228C20F1D00850217 /* ImageDataResponseMapper.swift */; };
		6A4F5C4728C20FBC00850217 /* ImageDataResponseMapperTests.swift in Sources */ = {isa = PBXBuildFile; fileRef = 6A4F5C4628C20FBC00850217 /* ImageDataResponseMapperTests.swift */; };
		6A4F5C4928C2123700850217 /* UIImage+TryMake.swift in Sources */ = {isa = PBXBuildFile; fileRef = 6A4F5C4828C2123700850217 /* UIImage+TryMake.swift */; };
		6A4F5C4B28C21C8000850217 /* UIImage+Make.swift in Sources */ = {isa = PBXBuildFile; fileRef = 6A4F5C4A28C21C8000850217 /* UIImage+Make.swift */; };
		6A4F5C4D28C2276A00850217 /* CardContainerView.swift in Sources */ = {isa = PBXBuildFile; fileRef = 6A4F5C4C28C2276A00850217 /* CardContainerView.swift */; };
		6A4F5C4F28C2295F00850217 /* UIColor+Hex.swift in Sources */ = {isa = PBXBuildFile; fileRef = 6A4F5C4E28C2295F00850217 /* UIColor+Hex.swift */; };
		6A4F5C5128C229E400850217 /* UIView+Shadow.swift in Sources */ = {isa = PBXBuildFile; fileRef = 6A4F5C5028C229E400850217 /* UIView+Shadow.swift */; };
		6A4F5C5328C22EE700850217 /* Tabs.swift in Sources */ = {isa = PBXBuildFile; fileRef = 6A4F5C5228C22EE700850217 /* Tabs.swift */; };
		6A4F5C5728C243BA00850217 /* UINavigationController+NavLogo.swift in Sources */ = {isa = PBXBuildFile; fileRef = 6A4F5C5628C243BA00850217 /* UINavigationController+NavLogo.swift */; };
		6A4F5C5928C2456400850217 /* UIImage+Resize.swift in Sources */ = {isa = PBXBuildFile; fileRef = 6A4F5C5828C2456400850217 /* UIImage+Resize.swift */; };
		6A4F5C6128C25FC200850217 /* FeedDetailUIComposer.swift in Sources */ = {isa = PBXBuildFile; fileRef = 6A4F5C6028C25FC200850217 /* FeedDetailUIComposer.swift */; };
		6A4F5C6328C25FDE00850217 /* FeedDetailViewAdapter.swift in Sources */ = {isa = PBXBuildFile; fileRef = 6A4F5C6228C25FDE00850217 /* FeedDetailViewAdapter.swift */; };
		6A4F5C6728C28B8600850217 /* ProfileResponseMapper.swift in Sources */ = {isa = PBXBuildFile; fileRef = 6A4F5C6628C28B8600850217 /* ProfileResponseMapper.swift */; };
		6A4F5C6A28C28BAC00850217 /* Profile.swift in Sources */ = {isa = PBXBuildFile; fileRef = 6A4F5C6928C28BAC00850217 /* Profile.swift */; };
		6A4F5C6D28C28BC800850217 /* PetDetailImageViewCell.swift in Sources */ = {isa = PBXBuildFile; fileRef = 6A4F5C6C28C28BC800850217 /* PetDetailImageViewCell.swift */; };
		6A4F5C6F28C28BE200850217 /* PetDetailViewBodyCellController.swift in Sources */ = {isa = PBXBuildFile; fileRef = 6A4F5C6E28C28BE200850217 /* PetDetailViewBodyCellController.swift */; };
		6A4F5C7128C28C0700850217 /* PetDetailViewBodyCell.swift in Sources */ = {isa = PBXBuildFile; fileRef = 6A4F5C7028C28C0700850217 /* PetDetailViewBodyCell.swift */; };
		6A4F5C7328C28C1A00850217 /* PetDetailViewBookActionCellController.swift in Sources */ = {isa = PBXBuildFile; fileRef = 6A4F5C7228C28C1A00850217 /* PetDetailViewBookActionCellController.swift */; };
		6A4F5C7528C28C2C00850217 /* PetDetailImageViewCellController.swift in Sources */ = {isa = PBXBuildFile; fileRef = 6A4F5C7428C28C2C00850217 /* PetDetailImageViewCellController.swift */; };
		6A4F5C7728C28C4800850217 /* LocalizedRelativeDateTimeFormatter.swift in Sources */ = {isa = PBXBuildFile; fileRef = 6A4F5C7628C28C4800850217 /* LocalizedRelativeDateTimeFormatter.swift */; };
		6A4F5C7A28C28C6B00850217 /* PetDetailBodyViewModel.swift in Sources */ = {isa = PBXBuildFile; fileRef = 6A4F5C7928C28C6B00850217 /* PetDetailBodyViewModel.swift */; };
		6A4F5C7D28C3155B00850217 /* LocalizedRelativeDateTimeFormatterTests.swift in Sources */ = {isa = PBXBuildFile; fileRef = 6A4F5C7C28C3155B00850217 /* LocalizedRelativeDateTimeFormatterTests.swift */; };
		6A4F5C8028C3171600850217 /* FeedDetailUIIntegrationTests.swift in Sources */ = {isa = PBXBuildFile; fileRef = 6A4F5C7F28C3171600850217 /* FeedDetailUIIntegrationTests.swift */; };
		6A4F5C8328C3175F00850217 /* FeedDetailUIIntegrationTests+LoaderSpy.swift in Sources */ = {isa = PBXBuildFile; fileRef = 6A4F5C8228C3175F00850217 /* FeedDetailUIIntegrationTests+LoaderSpy.swift */; };
		6A4F5C8528C3177400850217 /* FeedDetailUIIntegrationTests+Assertions.swift in Sources */ = {isa = PBXBuildFile; fileRef = 6A4F5C8428C3177400850217 /* FeedDetailUIIntegrationTests+Assertions.swift */; };
		6A4F5C8728C31D2300850217 /* ProfilePresenter.swift in Sources */ = {isa = PBXBuildFile; fileRef = 6A4F5C8628C31D2300850217 /* ProfilePresenter.swift */; };
		6A4F5C8928C3211F00850217 /* PetDetailViewBodyCell+TestHelpers.swift in Sources */ = {isa = PBXBuildFile; fileRef = 6A4F5C8828C3211F00850217 /* PetDetailViewBodyCell+TestHelpers.swift */; };
		6A4F5C8B28C3213900850217 /* PetDetailViewBookCell+TestHelpers.swift in Sources */ = {isa = PBXBuildFile; fileRef = 6A4F5C8A28C3213900850217 /* PetDetailViewBookCell+TestHelpers.swift */; };
		6A4F5C8D28C3238400850217 /* PostDetailImageViewCell+TestHelpers.swift in Sources */ = {isa = PBXBuildFile; fileRef = 6A4F5C8C28C3238400850217 /* PostDetailImageViewCell+TestHelpers.swift */; };
		6A4F5C9128C324FF00850217 /* ProfileResponseMapperTests.swift in Sources */ = {isa = PBXBuildFile; fileRef = 6A4F5C9028C324FF00850217 /* ProfileResponseMapperTests.swift */; };
		6A4F5C9428C3277D00850217 /* JSONDecoder+DateDecodingStrategy.swift in Sources */ = {isa = PBXBuildFile; fileRef = 6A4F5C9328C3277D00850217 /* JSONDecoder+DateDecodingStrategy.swift */; };
		6A4F5C9628C3281900850217 /* LoadResourcePresenterTests.swift in Sources */ = {isa = PBXBuildFile; fileRef = 6A4F5C9528C3281900850217 /* LoadResourcePresenterTests.swift */; };
		6A4F5C9928C328D300850217 /* ProfilePresenterTests.swift in Sources */ = {isa = PBXBuildFile; fileRef = 6A4F5C9828C328D300850217 /* ProfilePresenterTests.swift */; };
		6A4F5C9B28C32E5800850217 /* SectionController.swift in Sources */ = {isa = PBXBuildFile; fileRef = 6A4F5C9A28C32E5800850217 /* SectionController.swift */; };
		6A4F5C9D28C334C100850217 /* PetDetailTagCellController.swift in Sources */ = {isa = PBXBuildFile; fileRef = 6A4F5C9C28C334C100850217 /* PetDetailTagCellController.swift */; };
		6A4F5C9F28C33C0400850217 /* PetDetailViewBookCell.swift in Sources */ = {isa = PBXBuildFile; fileRef = 6A4F5C9E28C33C0400850217 /* PetDetailViewBookCell.swift */; };
		6A4F5CA128C33F3A00850217 /* PlaceholderViewController.swift in Sources */ = {isa = PBXBuildFile; fileRef = 6A4F5CA028C33F3A00850217 /* PlaceholderViewController.swift */; };
		6A4F5CA328C3424F00850217 /* PetDetailTagCell.swift in Sources */ = {isa = PBXBuildFile; fileRef = 6A4F5CA228C3424F00850217 /* PetDetailTagCell.swift */; };
		6A4F5CA528C342A100850217 /* PetDetailTagCell+TestHelpers.swift in Sources */ = {isa = PBXBuildFile; fileRef = 6A4F5CA428C342A100850217 /* PetDetailTagCell+TestHelpers.swift */; };
		6AE30E0528BE209400E6D7C3 /* URLProtocolStub.swift in Sources */ = {isa = PBXBuildFile; fileRef = 6AE30E0428BE209400E6D7C3 /* URLProtocolStub.swift */; };
		6AE30E0828BE20E600E6D7C3 /* HTTPClient.swift in Sources */ = {isa = PBXBuildFile; fileRef = 6AE30E0728BE20E600E6D7C3 /* HTTPClient.swift */; };
		6AE30E0B28BE211E00E6D7C3 /* URLSessionHTTPClient.swift in Sources */ = {isa = PBXBuildFile; fileRef = 6AE30E0A28BE211E00E6D7C3 /* URLSessionHTTPClient.swift */; };
		6AE30E0E28BE216B00E6D7C3 /* URLSessionHTTPClientTests.swift in Sources */ = {isa = PBXBuildFile; fileRef = 6AE30E0D28BE216B00E6D7C3 /* URLSessionHTTPClientTests.swift */; };
		6AE30E1128BE21BB00E6D7C3 /* XCTestCase+MakeData.swift in Sources */ = {isa = PBXBuildFile; fileRef = 6AE30E1028BE21BB00E6D7C3 /* XCTestCase+MakeData.swift */; };
		6AE30E1328BE21E800E6D7C3 /* XCTestCase+MakeError.swift in Sources */ = {isa = PBXBuildFile; fileRef = 6AE30E1228BE21E800E6D7C3 /* XCTestCase+MakeError.swift */; };
		6AE30E1528BE220200E6D7C3 /* XCTestCase+MakeURL.swift in Sources */ = {isa = PBXBuildFile; fileRef = 6AE30E1428BE220200E6D7C3 /* XCTestCase+MakeURL.swift */; };
		6AE30E1728BE227400E6D7C3 /* XCTestCase+MemoryLeakTracking.swift in Sources */ = {isa = PBXBuildFile; fileRef = 6AE30E1628BE227400E6D7C3 /* XCTestCase+MemoryLeakTracking.swift */; };
/* End PBXBuildFile section */

/* Begin PBXContainerItemProxy section */
		6A420F8928BE0D2C003199E6 /* PBXContainerItemProxy */ = {
			isa = PBXContainerItemProxy;
			containerPortal = 6A420F6A28BE0D27003199E6 /* Project object */;
			proxyType = 1;
			remoteGlobalIDString = 6A420F7128BE0D27003199E6;
			remoteInfo = Paw;
		};
		6A420F9328BE0D2C003199E6 /* PBXContainerItemProxy */ = {
			isa = PBXContainerItemProxy;
			containerPortal = 6A420F6A28BE0D27003199E6 /* Project object */;
			proxyType = 1;
			remoteGlobalIDString = 6A420F7128BE0D27003199E6;
			remoteInfo = Paw;
		};
/* End PBXContainerItemProxy section */

/* Begin PBXFileReference section */
		6A4199E428BE578A006B48C4 /* FeedResponseMapperTests.swift */ = {isa = PBXFileReference; lastKnownFileType = sourcecode.swift; path = FeedResponseMapperTests.swift; sourceTree = "<group>"; };
		6A4199E628C0ADDA006B48C4 /* HTTPURLResponse+StatusCode.swift */ = {isa = PBXFileReference; lastKnownFileType = sourcecode.swift; path = "HTTPURLResponse+StatusCode.swift"; sourceTree = "<group>"; };
		6A4199EA28C0B9A5006B48C4 /* FeedResponseMapper.swift */ = {isa = PBXFileReference; lastKnownFileType = sourcecode.swift; path = FeedResponseMapper.swift; sourceTree = "<group>"; };
		6A4199ED28C0B9C5006B48C4 /* FeedItem.swift */ = {isa = PBXFileReference; lastKnownFileType = sourcecode.swift; path = FeedItem.swift; sourceTree = "<group>"; };
		6A4199F728C0DE77006B48C4 /* URLRequestBuilder.swift */ = {isa = PBXFileReference; lastKnownFileType = sourcecode.swift; path = URLRequestBuilder.swift; sourceTree = "<group>"; };
		6A4199FA28C0DEB4006B48C4 /* URLRequestBuilderTests.swift */ = {isa = PBXFileReference; lastKnownFileType = sourcecode.swift; path = URLRequestBuilderTests.swift; sourceTree = "<group>"; };
		6A419A0228C1A6C2006B48C4 /* ResourceErrorView.swift */ = {isa = PBXFileReference; lastKnownFileType = sourcecode.swift; path = ResourceErrorView.swift; sourceTree = "<group>"; };
		6A419A0428C1A6E1006B48C4 /* ResourceLoadingView.swift */ = {isa = PBXFileReference; lastKnownFileType = sourcecode.swift; path = ResourceLoadingView.swift; sourceTree = "<group>"; };
		6A419A0628C1A700006B48C4 /* ResourceView.swift */ = {isa = PBXFileReference; lastKnownFileType = sourcecode.swift; path = ResourceView.swift; sourceTree = "<group>"; };
		6A419A0828C1A711006B48C4 /* LoadResourcePresenter.swift */ = {isa = PBXFileReference; lastKnownFileType = sourcecode.swift; path = LoadResourcePresenter.swift; sourceTree = "<group>"; };
		6A419A0B28C1A78B006B48C4 /* LoadResourcePresentationAdapter.swift */ = {isa = PBXFileReference; lastKnownFileType = sourcecode.swift; path = LoadResourcePresentationAdapter.swift; sourceTree = "<group>"; };
		6A419A0D28C1A7D8006B48C4 /* Combine+Helpers.swift */ = {isa = PBXFileReference; lastKnownFileType = sourcecode.swift; path = "Combine+Helpers.swift"; sourceTree = "<group>"; };
		6A419A1228C1A86D006B48C4 /* FeedUIComposer.swift */ = {isa = PBXFileReference; lastKnownFileType = sourcecode.swift; path = FeedUIComposer.swift; sourceTree = "<group>"; };
		6A419A1528C1A8A5006B48C4 /* CollectionViewController.swift */ = {isa = PBXFileReference; lastKnownFileType = sourcecode.swift; path = CollectionViewController.swift; sourceTree = "<group>"; };
		6A419A1728C1AA02006B48C4 /* CellController.swift */ = {isa = PBXFileReference; lastKnownFileType = sourcecode.swift; path = CellController.swift; sourceTree = "<group>"; };
		6A419A1928C1ABA2006B48C4 /* PetGridViewCell.swift */ = {isa = PBXFileReference; lastKnownFileType = sourcecode.swift; path = PetGridViewCell.swift; sourceTree = "<group>"; };
		6A419A1C28C1AC86006B48C4 /* UICollectionView+Dequeueing.swift */ = {isa = PBXFileReference; lastKnownFileType = sourcecode.swift; path = "UICollectionView+Dequeueing.swift"; sourceTree = "<group>"; };
		6A419A1E28C1AE5E006B48C4 /* FeedViewAdapter.swift */ = {isa = PBXFileReference; lastKnownFileType = sourcecode.swift; path = FeedViewAdapter.swift; sourceTree = "<group>"; };
		6A419A2028C1AF4E006B48C4 /* PetGridViewCellController.swift */ = {isa = PBXFileReference; lastKnownFileType = sourcecode.swift; path = PetGridViewCellController.swift; sourceTree = "<group>"; };
		6A419A2428C1B6EF006B48C4 /* FeedUIIntegrationTests.swift */ = {isa = PBXFileReference; lastKnownFileType = sourcecode.swift; path = FeedUIIntegrationTests.swift; sourceTree = "<group>"; };
		6A419A2628C1BBCA006B48C4 /* WeakRefVirtualProxy.swift */ = {isa = PBXFileReference; lastKnownFileType = sourcecode.swift; path = WeakRefVirtualProxy.swift; sourceTree = "<group>"; };
		6A419A2928C1C03F006B48C4 /* FeedUIIntegrationTests+LoaderSpy.swift */ = {isa = PBXFileReference; lastKnownFileType = sourcecode.swift; path = "FeedUIIntegrationTests+LoaderSpy.swift"; sourceTree = "<group>"; };
		6A419A2B28C1C068006B48C4 /* FeedUIIntegrationTests+Assertions.swift */ = {isa = PBXFileReference; lastKnownFileType = sourcecode.swift; path = "FeedUIIntegrationTests+Assertions.swift"; sourceTree = "<group>"; };
		6A419A2D28C1C0BA006B48C4 /* CollectionViewController+TestHelpers.swift */ = {isa = PBXFileReference; lastKnownFileType = sourcecode.swift; path = "CollectionViewController+TestHelpers.swift"; sourceTree = "<group>"; };
		6A419A2F28C1C0D4006B48C4 /* UIView+LayoutCycle.swift */ = {isa = PBXFileReference; lastKnownFileType = sourcecode.swift; path = "UIView+LayoutCycle.swift"; sourceTree = "<group>"; };
		6A419A3128C1C0FD006B48C4 /* PetGridViewCell+TestHelpers.swift */ = {isa = PBXFileReference; lastKnownFileType = sourcecode.swift; path = "PetGridViewCell+TestHelpers.swift"; sourceTree = "<group>"; };
		6A420F7228BE0D27003199E6 /* Paw.app */ = {isa = PBXFileReference; explicitFileType = wrapper.application; includeInIndex = 0; path = Paw.app; sourceTree = BUILT_PRODUCTS_DIR; };
		6A420F7528BE0D27003199E6 /* AppDelegate.swift */ = {isa = PBXFileReference; lastKnownFileType = sourcecode.swift; path = AppDelegate.swift; sourceTree = "<group>"; };
		6A420F7728BE0D27003199E6 /* SceneDelegate.swift */ = {isa = PBXFileReference; lastKnownFileType = sourcecode.swift; path = SceneDelegate.swift; sourceTree = "<group>"; };
		6A420F7E28BE0D2C003199E6 /* Assets.xcassets */ = {isa = PBXFileReference; lastKnownFileType = folder.assetcatalog; path = Assets.xcassets; sourceTree = "<group>"; };
		6A420F8128BE0D2C003199E6 /* Base */ = {isa = PBXFileReference; lastKnownFileType = file.storyboard; name = Base; path = Base.lproj/LaunchScreen.storyboard; sourceTree = "<group>"; };
		6A420F8328BE0D2C003199E6 /* Info.plist */ = {isa = PBXFileReference; lastKnownFileType = text.plist.xml; path = Info.plist; sourceTree = "<group>"; };
		6A420F8828BE0D2C003199E6 /* PawTests.xctest */ = {isa = PBXFileReference; explicitFileType = wrapper.cfbundle; includeInIndex = 0; path = PawTests.xctest; sourceTree = BUILT_PRODUCTS_DIR; };
		6A420F9228BE0D2C003199E6 /* PawUITests.xctest */ = {isa = PBXFileReference; explicitFileType = wrapper.cfbundle; includeInIndex = 0; path = PawUITests.xctest; sourceTree = BUILT_PRODUCTS_DIR; };
		6A420F9628BE0D2C003199E6 /* PawUITests.swift */ = {isa = PBXFileReference; lastKnownFileType = sourcecode.swift; path = PawUITests.swift; sourceTree = "<group>"; };
		6A420F9828BE0D2C003199E6 /* PawUITestsLaunchTests.swift */ = {isa = PBXFileReference; lastKnownFileType = sourcecode.swift; path = PawUITestsLaunchTests.swift; sourceTree = "<group>"; };
		6A4F5C3A28C2021400850217 /* FeedItemPresenter.swift */ = {isa = PBXFileReference; lastKnownFileType = sourcecode.swift; path = FeedItemPresenter.swift; sourceTree = "<group>"; };
		6A4F5C3C28C2022600850217 /* FeedItemViewModel.swift */ = {isa = PBXFileReference; lastKnownFileType = sourcecode.swift; path = FeedItemViewModel.swift; sourceTree = "<group>"; };
		6A4F5C3F28C20C5000850217 /* FeedItemPresenterTests.swift */ = {isa = PBXFileReference; lastKnownFileType = sourcecode.swift; path = FeedItemPresenterTests.swift; sourceTree = "<group>"; };
		6A4F5C4228C20F1D00850217 /* ImageDataResponseMapper.swift */ = {isa = PBXFileReference; lastKnownFileType = sourcecode.swift; path = ImageDataResponseMapper.swift; sourceTree = "<group>"; };
		6A4F5C4628C20FBC00850217 /* ImageDataResponseMapperTests.swift */ = {isa = PBXFileReference; lastKnownFileType = sourcecode.swift; path = ImageDataResponseMapperTests.swift; sourceTree = "<group>"; };
		6A4F5C4828C2123700850217 /* UIImage+TryMake.swift */ = {isa = PBXFileReference; lastKnownFileType = sourcecode.swift; path = "UIImage+TryMake.swift"; sourceTree = "<group>"; };
		6A4F5C4A28C21C8000850217 /* UIImage+Make.swift */ = {isa = PBXFileReference; lastKnownFileType = sourcecode.swift; path = "UIImage+Make.swift"; sourceTree = "<group>"; };
		6A4F5C4C28C2276A00850217 /* CardContainerView.swift */ = {isa = PBXFileReference; lastKnownFileType = sourcecode.swift; path = CardContainerView.swift; sourceTree = "<group>"; };
		6A4F5C4E28C2295F00850217 /* UIColor+Hex.swift */ = {isa = PBXFileReference; lastKnownFileType = sourcecode.swift; path = "UIColor+Hex.swift"; sourceTree = "<group>"; };
		6A4F5C5028C229E400850217 /* UIView+Shadow.swift */ = {isa = PBXFileReference; lastKnownFileType = sourcecode.swift; path = "UIView+Shadow.swift"; sourceTree = "<group>"; };
		6A4F5C5228C22EE700850217 /* Tabs.swift */ = {isa = PBXFileReference; lastKnownFileType = sourcecode.swift; path = Tabs.swift; sourceTree = "<group>"; };
		6A4F5C5628C243BA00850217 /* UINavigationController+NavLogo.swift */ = {isa = PBXFileReference; lastKnownFileType = sourcecode.swift; path = "UINavigationController+NavLogo.swift"; sourceTree = "<group>"; };
		6A4F5C5828C2456400850217 /* UIImage+Resize.swift */ = {isa = PBXFileReference; lastKnownFileType = sourcecode.swift; path = "UIImage+Resize.swift"; sourceTree = "<group>"; };
		6A4F5C6028C25FC200850217 /* FeedDetailUIComposer.swift */ = {isa = PBXFileReference; lastKnownFileType = sourcecode.swift; path = FeedDetailUIComposer.swift; sourceTree = "<group>"; };
		6A4F5C6228C25FDE00850217 /* FeedDetailViewAdapter.swift */ = {isa = PBXFileReference; lastKnownFileType = sourcecode.swift; path = FeedDetailViewAdapter.swift; sourceTree = "<group>"; };
		6A4F5C6628C28B8600850217 /* ProfileResponseMapper.swift */ = {isa = PBXFileReference; lastKnownFileType = sourcecode.swift; path = ProfileResponseMapper.swift; sourceTree = "<group>"; };
		6A4F5C6928C28BAC00850217 /* Profile.swift */ = {isa = PBXFileReference; lastKnownFileType = sourcecode.swift; path = Profile.swift; sourceTree = "<group>"; };
		6A4F5C6C28C28BC800850217 /* PetDetailImageViewCell.swift */ = {isa = PBXFileReference; lastKnownFileType = sourcecode.swift; path = PetDetailImageViewCell.swift; sourceTree = "<group>"; };
		6A4F5C6E28C28BE200850217 /* PetDetailViewBodyCellController.swift */ = {isa = PBXFileReference; lastKnownFileType = sourcecode.swift; path = PetDetailViewBodyCellController.swift; sourceTree = "<group>"; };
		6A4F5C7028C28C0700850217 /* PetDetailViewBodyCell.swift */ = {isa = PBXFileReference; lastKnownFileType = sourcecode.swift; path = PetDetailViewBodyCell.swift; sourceTree = "<group>"; };
		6A4F5C7228C28C1A00850217 /* PetDetailViewBookActionCellController.swift */ = {isa = PBXFileReference; lastKnownFileType = sourcecode.swift; path = PetDetailViewBookActionCellController.swift; sourceTree = "<group>"; };
		6A4F5C7428C28C2C00850217 /* PetDetailImageViewCellController.swift */ = {isa = PBXFileReference; lastKnownFileType = sourcecode.swift; path = PetDetailImageViewCellController.swift; sourceTree = "<group>"; };
		6A4F5C7628C28C4800850217 /* LocalizedRelativeDateTimeFormatter.swift */ = {isa = PBXFileReference; lastKnownFileType = sourcecode.swift; path = LocalizedRelativeDateTimeFormatter.swift; sourceTree = "<group>"; };
		6A4F5C7928C28C6B00850217 /* PetDetailBodyViewModel.swift */ = {isa = PBXFileReference; lastKnownFileType = sourcecode.swift; path = PetDetailBodyViewModel.swift; sourceTree = "<group>"; };
		6A4F5C7C28C3155B00850217 /* LocalizedRelativeDateTimeFormatterTests.swift */ = {isa = PBXFileReference; lastKnownFileType = sourcecode.swift; path = LocalizedRelativeDateTimeFormatterTests.swift; sourceTree = "<group>"; };
		6A4F5C7F28C3171600850217 /* FeedDetailUIIntegrationTests.swift */ = {isa = PBXFileReference; lastKnownFileType = sourcecode.swift; path = FeedDetailUIIntegrationTests.swift; sourceTree = "<group>"; };
		6A4F5C8228C3175F00850217 /* FeedDetailUIIntegrationTests+LoaderSpy.swift */ = {isa = PBXFileReference; lastKnownFileType = sourcecode.swift; path = "FeedDetailUIIntegrationTests+LoaderSpy.swift"; sourceTree = "<group>"; };
		6A4F5C8428C3177400850217 /* FeedDetailUIIntegrationTests+Assertions.swift */ = {isa = PBXFileReference; lastKnownFileType = sourcecode.swift; path = "FeedDetailUIIntegrationTests+Assertions.swift"; sourceTree = "<group>"; };
		6A4F5C8628C31D2300850217 /* ProfilePresenter.swift */ = {isa = PBXFileReference; lastKnownFileType = sourcecode.swift; path = ProfilePresenter.swift; sourceTree = "<group>"; };
		6A4F5C8828C3211F00850217 /* PetDetailViewBodyCell+TestHelpers.swift */ = {isa = PBXFileReference; lastKnownFileType = sourcecode.swift; path = "PetDetailViewBodyCell+TestHelpers.swift"; sourceTree = "<group>"; };
		6A4F5C8A28C3213900850217 /* PetDetailViewBookCell+TestHelpers.swift */ = {isa = PBXFileReference; lastKnownFileType = sourcecode.swift; path = "PetDetailViewBookCell+TestHelpers.swift"; sourceTree = "<group>"; };
		6A4F5C8C28C3238400850217 /* PostDetailImageViewCell+TestHelpers.swift */ = {isa = PBXFileReference; lastKnownFileType = sourcecode.swift; path = "PostDetailImageViewCell+TestHelpers.swift"; sourceTree = "<group>"; };
		6A4F5C9028C324FF00850217 /* ProfileResponseMapperTests.swift */ = {isa = PBXFileReference; lastKnownFileType = sourcecode.swift; path = ProfileResponseMapperTests.swift; sourceTree = "<group>"; };
		6A4F5C9328C3277D00850217 /* JSONDecoder+DateDecodingStrategy.swift */ = {isa = PBXFileReference; lastKnownFileType = sourcecode.swift; path = "JSONDecoder+DateDecodingStrategy.swift"; sourceTree = "<group>"; };
		6A4F5C9528C3281900850217 /* LoadResourcePresenterTests.swift */ = {isa = PBXFileReference; lastKnownFileType = sourcecode.swift; path = LoadResourcePresenterTests.swift; sourceTree = "<group>"; };
		6A4F5C9828C328D300850217 /* ProfilePresenterTests.swift */ = {isa = PBXFileReference; lastKnownFileType = sourcecode.swift; path = ProfilePresenterTests.swift; sourceTree = "<group>"; };
		6A4F5C9A28C32E5800850217 /* SectionController.swift */ = {isa = PBXFileReference; lastKnownFileType = sourcecode.swift; path = SectionController.swift; sourceTree = "<group>"; };
		6A4F5C9C28C334C100850217 /* PetDetailTagCellController.swift */ = {isa = PBXFileReference; lastKnownFileType = sourcecode.swift; path = PetDetailTagCellController.swift; sourceTree = "<group>"; };
		6A4F5C9E28C33C0400850217 /* PetDetailViewBookCell.swift */ = {isa = PBXFileReference; lastKnownFileType = sourcecode.swift; path = PetDetailViewBookCell.swift; sourceTree = "<group>"; };
		6A4F5CA028C33F3A00850217 /* PlaceholderViewController.swift */ = {isa = PBXFileReference; lastKnownFileType = sourcecode.swift; path = PlaceholderViewController.swift; sourceTree = "<group>"; };
		6A4F5CA228C3424F00850217 /* PetDetailTagCell.swift */ = {isa = PBXFileReference; lastKnownFileType = sourcecode.swift; path = PetDetailTagCell.swift; sourceTree = "<group>"; };
		6A4F5CA428C342A100850217 /* PetDetailTagCell+TestHelpers.swift */ = {isa = PBXFileReference; lastKnownFileType = sourcecode.swift; path = "PetDetailTagCell+TestHelpers.swift"; sourceTree = "<group>"; };
		6AE30E0428BE209400E6D7C3 /* URLProtocolStub.swift */ = {isa = PBXFileReference; lastKnownFileType = sourcecode.swift; path = URLProtocolStub.swift; sourceTree = "<group>"; };
		6AE30E0728BE20E600E6D7C3 /* HTTPClient.swift */ = {isa = PBXFileReference; lastKnownFileType = sourcecode.swift; path = HTTPClient.swift; sourceTree = "<group>"; };
		6AE30E0A28BE211E00E6D7C3 /* URLSessionHTTPClient.swift */ = {isa = PBXFileReference; lastKnownFileType = sourcecode.swift; path = URLSessionHTTPClient.swift; sourceTree = "<group>"; };
		6AE30E0D28BE216B00E6D7C3 /* URLSessionHTTPClientTests.swift */ = {isa = PBXFileReference; lastKnownFileType = sourcecode.swift; path = URLSessionHTTPClientTests.swift; sourceTree = "<group>"; };
		6AE30E1028BE21BB00E6D7C3 /* XCTestCase+MakeData.swift */ = {isa = PBXFileReference; lastKnownFileType = sourcecode.swift; path = "XCTestCase+MakeData.swift"; sourceTree = "<group>"; };
		6AE30E1228BE21E800E6D7C3 /* XCTestCase+MakeError.swift */ = {isa = PBXFileReference; lastKnownFileType = sourcecode.swift; path = "XCTestCase+MakeError.swift"; sourceTree = "<group>"; };
		6AE30E1428BE220200E6D7C3 /* XCTestCase+MakeURL.swift */ = {isa = PBXFileReference; lastKnownFileType = sourcecode.swift; path = "XCTestCase+MakeURL.swift"; sourceTree = "<group>"; };
		6AE30E1628BE227400E6D7C3 /* XCTestCase+MemoryLeakTracking.swift */ = {isa = PBXFileReference; lastKnownFileType = sourcecode.swift; path = "XCTestCase+MemoryLeakTracking.swift"; sourceTree = "<group>"; };
/* End PBXFileReference section */

/* Begin PBXFrameworksBuildPhase section */
		6A420F6F28BE0D27003199E6 /* Frameworks */ = {
			isa = PBXFrameworksBuildPhase;
			buildActionMask = 2147483647;
			files = (
			);
			runOnlyForDeploymentPostprocessing = 0;
		};
		6A420F8528BE0D2C003199E6 /* Frameworks */ = {
			isa = PBXFrameworksBuildPhase;
			buildActionMask = 2147483647;
			files = (
			);
			runOnlyForDeploymentPostprocessing = 0;
		};
		6A420F8F28BE0D2C003199E6 /* Frameworks */ = {
			isa = PBXFrameworksBuildPhase;
			buildActionMask = 2147483647;
			files = (
			);
			runOnlyForDeploymentPostprocessing = 0;
		};
/* End PBXFrameworksBuildPhase section */

/* Begin PBXGroup section */
		6A4199E228BE5773006B48C4 /* Feed */ = {
			isa = PBXGroup;
			children = (
				6A4199E328BE577B006B48C4 /* API */,
				6A4F5C3E28C20C4400850217 /* Presentation */,
			);
			path = Feed;
			sourceTree = "<group>";
		};
		6A4199E328BE577B006B48C4 /* API */ = {
			isa = PBXGroup;
			children = (
				6A4199E428BE578A006B48C4 /* FeedResponseMapperTests.swift */,
			);
			path = API;
			sourceTree = "<group>";
		};
		6A4199E828C0B996006B48C4 /* Feed */ = {
			isa = PBXGroup;
			children = (
				6A4199E928C0B998006B48C4 /* API */,
				6A4199EC28C0B9BE006B48C4 /* Feature */,
				6A4F5C3928C201A600850217 /* Presentation */,
				6A4199F028C0D6FE006B48C4 /* UI */,
			);
			path = Feed;
			sourceTree = "<group>";
		};
		6A4199E928C0B998006B48C4 /* API */ = {
			isa = PBXGroup;
			children = (
				6A4199EA28C0B9A5006B48C4 /* FeedResponseMapper.swift */,
			);
			path = API;
			sourceTree = "<group>";
		};
		6A4199EC28C0B9BE006B48C4 /* Feature */ = {
			isa = PBXGroup;
			children = (
				6A4199ED28C0B9C5006B48C4 /* FeedItem.swift */,
			);
			path = Feature;
			sourceTree = "<group>";
		};
		6A4199F028C0D6FE006B48C4 /* UI */ = {
			isa = PBXGroup;
			children = (
				6A419A1928C1ABA2006B48C4 /* PetGridViewCell.swift */,
				6A419A2028C1AF4E006B48C4 /* PetGridViewCellController.swift */,
			);
			path = UI;
			sourceTree = "<group>";
		};
		6A4199F628C0DE71006B48C4 /* Helpers */ = {
			isa = PBXGroup;
			children = (
				6A4199F728C0DE77006B48C4 /* URLRequestBuilder.swift */,
			);
			path = Helpers;
			sourceTree = "<group>";
		};
		6A4199F928C0DEA1006B48C4 /* Helpers */ = {
			isa = PBXGroup;
			children = (
				6A4199FA28C0DEB4006B48C4 /* URLRequestBuilderTests.swift */,
			);
			path = Helpers;
			sourceTree = "<group>";
		};
		6A419A0028C1A6A9006B48C4 /* Common */ = {
			isa = PBXGroup;
			children = (
				6A4F5C4128C20F0E00850217 /* API */,
				6A419A0128C1A6AB006B48C4 /* Presentation */,
				6A419A1428C1A896006B48C4 /* UI */,
			);
			path = Common;
			sourceTree = "<group>";
		};
		6A419A0128C1A6AB006B48C4 /* Presentation */ = {
			isa = PBXGroup;
			children = (
				6A419A0828C1A711006B48C4 /* LoadResourcePresenter.swift */,
				6A4F5C7628C28C4800850217 /* LocalizedRelativeDateTimeFormatter.swift */,
				6A419A0228C1A6C2006B48C4 /* ResourceErrorView.swift */,
				6A419A0428C1A6E1006B48C4 /* ResourceLoadingView.swift */,
				6A419A0628C1A700006B48C4 /* ResourceView.swift */,
			);
			path = Presentation;
			sourceTree = "<group>";
		};
		6A419A0A28C1A785006B48C4 /* Helpers */ = {
			isa = PBXGroup;
			children = (
				6A419A0D28C1A7D8006B48C4 /* Combine+Helpers.swift */,
				6A419A0B28C1A78B006B48C4 /* LoadResourcePresentationAdapter.swift */,
				6A4F5C5228C22EE700850217 /* Tabs.swift */,
				6A4F5C5828C2456400850217 /* UIImage+Resize.swift */,
				6A4F5C4828C2123700850217 /* UIImage+TryMake.swift */,
				6A4F5C5628C243BA00850217 /* UINavigationController+NavLogo.swift */,
				6A419A2628C1BBCA006B48C4 /* WeakRefVirtualProxy.swift */,
				6A4F5CA028C33F3A00850217 /* PlaceholderViewController.swift */,
			);
			path = Helpers;
			sourceTree = "<group>";
		};
		6A419A1028C1A847006B48C4 /* Scenes */ = {
			isa = PBXGroup;
			children = (
				6A4F5C5F28C25FAF00850217 /* Detail */,
				6A419A1128C1A850006B48C4 /* Feed */,
			);
			path = Scenes;
			sourceTree = "<group>";
		};
		6A419A1128C1A850006B48C4 /* Feed */ = {
			isa = PBXGroup;
			children = (
				6A419A1228C1A86D006B48C4 /* FeedUIComposer.swift */,
				6A419A1E28C1AE5E006B48C4 /* FeedViewAdapter.swift */,
			);
			path = Feed;
			sourceTree = "<group>";
		};
		6A419A1428C1A896006B48C4 /* UI */ = {
			isa = PBXGroup;
			children = (
				6A4F5C4C28C2276A00850217 /* CardContainerView.swift */,
				6A419A1728C1AA02006B48C4 /* CellController.swift */,
				6A419A1528C1A8A5006B48C4 /* CollectionViewController.swift */,
				6A419A1B28C1AC7B006B48C4 /* Helpers */,
				6A4F5C9A28C32E5800850217 /* SectionController.swift */,
			);
			path = UI;
			sourceTree = "<group>";
		};
		6A419A1B28C1AC7B006B48C4 /* Helpers */ = {
			isa = PBXGroup;
			children = (
				6A419A1C28C1AC86006B48C4 /* UICollectionView+Dequeueing.swift */,
				6A4F5C4E28C2295F00850217 /* UIColor+Hex.swift */,
				6A4F5C5028C229E400850217 /* UIView+Shadow.swift */,
			);
			path = Helpers;
			sourceTree = "<group>";
		};
		6A419A2228C1B6CB006B48C4 /* Scenes */ = {
			isa = PBXGroup;
			children = (
				6A4F5C7E28C316FF00850217 /* Detail */,
				6A419A2328C1B6CF006B48C4 /* Feed */,
			);
			path = Scenes;
			sourceTree = "<group>";
		};
		6A419A2328C1B6CF006B48C4 /* Feed */ = {
			isa = PBXGroup;
			children = (
				6A419A2428C1B6EF006B48C4 /* FeedUIIntegrationTests.swift */,
				6A419A2828C1C033006B48C4 /* TestHelpers */,
			);
			path = Feed;
			sourceTree = "<group>";
		};
		6A419A2828C1C033006B48C4 /* TestHelpers */ = {
			isa = PBXGroup;
			children = (
				6A419A2928C1C03F006B48C4 /* FeedUIIntegrationTests+LoaderSpy.swift */,
				6A419A2B28C1C068006B48C4 /* FeedUIIntegrationTests+Assertions.swift */,
			);
			path = TestHelpers;
			sourceTree = "<group>";
		};
		6A420F6928BE0D27003199E6 = {
			isa = PBXGroup;
			children = (
				6A420F7428BE0D27003199E6 /* Paw */,
				6A420F8B28BE0D2C003199E6 /* PawTests */,
				6A420F9528BE0D2C003199E6 /* PawUITests */,
				6A420F7328BE0D27003199E6 /* Products */,
			);
			sourceTree = "<group>";
		};
		6A420F7328BE0D27003199E6 /* Products */ = {
			isa = PBXGroup;
			children = (
				6A420F7228BE0D27003199E6 /* Paw.app */,
				6A420F8828BE0D2C003199E6 /* PawTests.xctest */,
				6A420F9228BE0D2C003199E6 /* PawUITests.xctest */,
			);
			name = Products;
			sourceTree = "<group>";
		};
		6A420F7428BE0D27003199E6 /* Paw */ = {
			isa = PBXGroup;
			children = (
				6A420F8328BE0D2C003199E6 /* Info.plist */,
				6A420F7E28BE0D2C003199E6 /* Assets.xcassets */,
				6A420FA528BE0D87003199E6 /* Application */,
				6A419A0A28C1A785006B48C4 /* Helpers */,
				6AE30DFF28BE203600E6D7C3 /* Modules */,
				6A419A1028C1A847006B48C4 /* Scenes */,
				6A420FA628BE0D8E003199E6 /* Views */,
			);
			path = Paw;
			sourceTree = "<group>";
		};
		6A420F8B28BE0D2C003199E6 /* PawTests */ = {
			isa = PBXGroup;
			children = (
				6AE30E0128BE207700E6D7C3 /* Modules */,
				6A419A2228C1B6CB006B48C4 /* Scenes */,
				6AE30E0F28BE218400E6D7C3 /* TestHelpers */,
			);
			path = PawTests;
			sourceTree = "<group>";
		};
		6A420F9528BE0D2C003199E6 /* PawUITests */ = {
			isa = PBXGroup;
			children = (
				6A420F9628BE0D2C003199E6 /* PawUITests.swift */,
				6A420F9828BE0D2C003199E6 /* PawUITestsLaunchTests.swift */,
			);
			path = PawUITests;
			sourceTree = "<group>";
		};
		6A420FA528BE0D87003199E6 /* Application */ = {
			isa = PBXGroup;
			children = (
				6A420F7528BE0D27003199E6 /* AppDelegate.swift */,
				6A420F7728BE0D27003199E6 /* SceneDelegate.swift */,
			);
			path = Application;
			sourceTree = "<group>";
		};
		6A420FA628BE0D8E003199E6 /* Views */ = {
			isa = PBXGroup;
			children = (
				6A420FA728BE0D93003199E6 /* Launch */,
			);
			path = Views;
			sourceTree = "<group>";
		};
		6A420FA728BE0D93003199E6 /* Launch */ = {
			isa = PBXGroup;
			children = (
				6A420F8028BE0D2C003199E6 /* LaunchScreen.storyboard */,
			);
			path = Launch;
			sourceTree = "<group>";
		};
		6A4F5C3928C201A600850217 /* Presentation */ = {
			isa = PBXGroup;
			children = (
				6A4F5C3A28C2021400850217 /* FeedItemPresenter.swift */,
				6A4F5C3C28C2022600850217 /* FeedItemViewModel.swift */,
			);
			path = Presentation;
			sourceTree = "<group>";
		};
		6A4F5C3E28C20C4400850217 /* Presentation */ = {
			isa = PBXGroup;
			children = (
				6A4F5C3F28C20C5000850217 /* FeedItemPresenterTests.swift */,
			);
			path = Presentation;
			sourceTree = "<group>";
		};
		6A4F5C4128C20F0E00850217 /* API */ = {
			isa = PBXGroup;
			children = (
				6A4F5C4228C20F1D00850217 /* ImageDataResponseMapper.swift */,
				6A4F5C9228C3277400850217 /* Helpers */,
			);
			path = API;
			sourceTree = "<group>";
		};
		6A4F5C4428C20F9A00850217 /* Common */ = {
			isa = PBXGroup;
			children = (
				6A4F5C4528C20F9F00850217 /* API */,
				6A4F5C7B28C3154D00850217 /* Presentation */,
			);
			path = Common;
			sourceTree = "<group>";
		};
		6A4F5C4528C20F9F00850217 /* API */ = {
			isa = PBXGroup;
			children = (
				6A4F5C4628C20FBC00850217 /* ImageDataResponseMapperTests.swift */,
			);
			path = API;
			sourceTree = "<group>";
		};
		6A4F5C5F28C25FAF00850217 /* Detail */ = {
			isa = PBXGroup;
			children = (
				6A4F5C6028C25FC200850217 /* FeedDetailUIComposer.swift */,
				6A4F5C6228C25FDE00850217 /* FeedDetailViewAdapter.swift */,
			);
			path = Detail;
			sourceTree = "<group>";
		};
		6A4F5C6428C28B6D00850217 /* Profile */ = {
			isa = PBXGroup;
			children = (
				6A4F5C6528C28B7F00850217 /* API */,
				6A4F5C6828C28B9700850217 /* Feature */,
				6A4F5C7828C28C6400850217 /* Presentation */,
				6A4F5C6B28C28BBE00850217 /* UI */,
			);
			path = Profile;
			sourceTree = "<group>";
		};
		6A4F5C6528C28B7F00850217 /* API */ = {
			isa = PBXGroup;
			children = (
				6A4F5C6628C28B8600850217 /* ProfileResponseMapper.swift */,
			);
			path = API;
			sourceTree = "<group>";
		};
		6A4F5C6828C28B9700850217 /* Feature */ = {
			isa = PBXGroup;
			children = (
				6A4F5C6928C28BAC00850217 /* Profile.swift */,
			);
			path = Feature;
			sourceTree = "<group>";
		};
		6A4F5C6B28C28BBE00850217 /* UI */ = {
			isa = PBXGroup;
			children = (
				6A4F5C6C28C28BC800850217 /* PetDetailImageViewCell.swift */,
				6A4F5C7428C28C2C00850217 /* PetDetailImageViewCellController.swift */,
				6A4F5CA228C3424F00850217 /* PetDetailTagCell.swift */,
				6A4F5C9C28C334C100850217 /* PetDetailTagCellController.swift */,
				6A4F5C7028C28C0700850217 /* PetDetailViewBodyCell.swift */,
				6A4F5C6E28C28BE200850217 /* PetDetailViewBodyCellController.swift */,
				6A4F5C7228C28C1A00850217 /* PetDetailViewBookActionCellController.swift */,
				6A4F5C9E28C33C0400850217 /* PetDetailViewBookCell.swift */,
			);
			path = UI;
			sourceTree = "<group>";
		};
		6A4F5C7828C28C6400850217 /* Presentation */ = {
			isa = PBXGroup;
			children = (
				6A4F5C7928C28C6B00850217 /* PetDetailBodyViewModel.swift */,
				6A4F5C8628C31D2300850217 /* ProfilePresenter.swift */,
			);
			path = Presentation;
			sourceTree = "<group>";
		};
		6A4F5C7B28C3154D00850217 /* Presentation */ = {
			isa = PBXGroup;
			children = (
				6A4F5C7C28C3155B00850217 /* LocalizedRelativeDateTimeFormatterTests.swift */,
				6A4F5C9528C3281900850217 /* LoadResourcePresenterTests.swift */,
			);
			path = Presentation;
			sourceTree = "<group>";
		};
		6A4F5C7E28C316FF00850217 /* Detail */ = {
			isa = PBXGroup;
			children = (
				6A4F5C7F28C3171600850217 /* FeedDetailUIIntegrationTests.swift */,
				6A4F5C8128C3174700850217 /* TestHelpers */,
			);
			path = Detail;
			sourceTree = "<group>";
		};
		6A4F5C8128C3174700850217 /* TestHelpers */ = {
			isa = PBXGroup;
			children = (
				6A4F5C8228C3175F00850217 /* FeedDetailUIIntegrationTests+LoaderSpy.swift */,
				6A4F5C8428C3177400850217 /* FeedDetailUIIntegrationTests+Assertions.swift */,
			);
			path = TestHelpers;
			sourceTree = "<group>";
		};
		6A4F5C8E28C324F100850217 /* Profile */ = {
			isa = PBXGroup;
			children = (
				6A4F5C8F28C324F300850217 /* API */,
				6A4F5C9728C328CD00850217 /* Presentation */,
			);
			path = Profile;
			sourceTree = "<group>";
		};
		6A4F5C8F28C324F300850217 /* API */ = {
			isa = PBXGroup;
			children = (
				6A4F5C9028C324FF00850217 /* ProfileResponseMapperTests.swift */,
			);
			path = API;
			sourceTree = "<group>";
		};
		6A4F5C9228C3277400850217 /* Helpers */ = {
			isa = PBXGroup;
			children = (
				6A4F5C9328C3277D00850217 /* JSONDecoder+DateDecodingStrategy.swift */,
			);
			path = Helpers;
			sourceTree = "<group>";
		};
		6A4F5C9728C328CD00850217 /* Presentation */ = {
			isa = PBXGroup;
			children = (
				6A4F5C9828C328D300850217 /* ProfilePresenterTests.swift */,
			);
			path = Presentation;
			sourceTree = "<group>";
		};
		6AE30DFF28BE203600E6D7C3 /* Modules */ = {
			isa = PBXGroup;
			children = (
				6A419A0028C1A6A9006B48C4 /* Common */,
				6A4199E828C0B996006B48C4 /* Feed */,
				6AE30E0028BE203C00E6D7C3 /* Networking */,
				6A4F5C6428C28B6D00850217 /* Profile */,
			);
			path = Modules;
			sourceTree = "<group>";
		};
		6AE30E0028BE203C00E6D7C3 /* Networking */ = {
			isa = PBXGroup;
			children = (
				6AE30E0928BE211900E6D7C3 /* API */,
				6AE30E0628BE20DD00E6D7C3 /* Feature */,
				6A4199F628C0DE71006B48C4 /* Helpers */,
			);
			path = Networking;
			sourceTree = "<group>";
		};
		6AE30E0128BE207700E6D7C3 /* Modules */ = {
			isa = PBXGroup;
			children = (
				6A4F5C4428C20F9A00850217 /* Common */,
				6A4199E228BE5773006B48C4 /* Feed */,
				6AE30E0228BE207B00E6D7C3 /* Networking */,
				6A4F5C8E28C324F100850217 /* Profile */,
			);
			path = Modules;
			sourceTree = "<group>";
		};
		6AE30E0228BE207B00E6D7C3 /* Networking */ = {
			isa = PBXGroup;
			children = (
				6A4199F928C0DEA1006B48C4 /* Helpers */,
				6AE30E0C28BE215700E6D7C3 /* API */,
				6AE30E0328BE208400E6D7C3 /* TestHelpers */,
			);
			path = Networking;
			sourceTree = "<group>";
		};
		6AE30E0328BE208400E6D7C3 /* TestHelpers */ = {
			isa = PBXGroup;
			children = (
				6AE30E0428BE209400E6D7C3 /* URLProtocolStub.swift */,
			);
			path = TestHelpers;
			sourceTree = "<group>";
		};
		6AE30E0628BE20DD00E6D7C3 /* Feature */ = {
			isa = PBXGroup;
			children = (
				6AE30E0728BE20E600E6D7C3 /* HTTPClient.swift */,
			);
			path = Feature;
			sourceTree = "<group>";
		};
		6AE30E0928BE211900E6D7C3 /* API */ = {
			isa = PBXGroup;
			children = (
				6AE30E0A28BE211E00E6D7C3 /* URLSessionHTTPClient.swift */,
			);
			path = API;
			sourceTree = "<group>";
		};
		6AE30E0C28BE215700E6D7C3 /* API */ = {
			isa = PBXGroup;
			children = (
				6AE30E0D28BE216B00E6D7C3 /* URLSessionHTTPClientTests.swift */,
			);
			path = API;
			sourceTree = "<group>";
		};
		6AE30E0F28BE218400E6D7C3 /* TestHelpers */ = {
			isa = PBXGroup;
			children = (
				6A419A2D28C1C0BA006B48C4 /* CollectionViewController+TestHelpers.swift */,
				6A4199E628C0ADDA006B48C4 /* HTTPURLResponse+StatusCode.swift */,
				6A4F5C8828C3211F00850217 /* PetDetailViewBodyCell+TestHelpers.swift */,
				6A4F5C8A28C3213900850217 /* PetDetailViewBookCell+TestHelpers.swift */,
				6A419A3128C1C0FD006B48C4 /* PetGridViewCell+TestHelpers.swift */,
				6A4F5C4A28C21C8000850217 /* UIImage+Make.swift */,
				6A419A2F28C1C0D4006B48C4 /* UIView+LayoutCycle.swift */,
				6AE30E1028BE21BB00E6D7C3 /* XCTestCase+MakeData.swift */,
				6AE30E1228BE21E800E6D7C3 /* XCTestCase+MakeError.swift */,
				6AE30E1428BE220200E6D7C3 /* XCTestCase+MakeURL.swift */,
				6AE30E1628BE227400E6D7C3 /* XCTestCase+MemoryLeakTracking.swift */,
				6A4F5C8C28C3238400850217 /* PostDetailImageViewCell+TestHelpers.swift */,
				6A4F5CA428C342A100850217 /* PetDetailTagCell+TestHelpers.swift */,
			);
			path = TestHelpers;
			sourceTree = "<group>";
		};
/* End PBXGroup section */

/* Begin PBXNativeTarget section */
		6A420F7128BE0D27003199E6 /* Paw */ = {
			isa = PBXNativeTarget;
			buildConfigurationList = 6A420F9C28BE0D2C003199E6 /* Build configuration list for PBXNativeTarget "Paw" */;
			buildPhases = (
				6A420F6E28BE0D27003199E6 /* Sources */,
				6A420F6F28BE0D27003199E6 /* Frameworks */,
				6A420F7028BE0D27003199E6 /* Resources */,
				6AD8654228BE186E0051037D /* SwiftFormat */,
				6AD8654328BE18950051037D /* SwiftLint */,
			);
			buildRules = (
			);
			dependencies = (
			);
			name = Paw;
			productName = Paw;
			productReference = 6A420F7228BE0D27003199E6 /* Paw.app */;
			productType = "com.apple.product-type.application";
		};
		6A420F8728BE0D2C003199E6 /* PawTests */ = {
			isa = PBXNativeTarget;
			buildConfigurationList = 6A420F9F28BE0D2C003199E6 /* Build configuration list for PBXNativeTarget "PawTests" */;
			buildPhases = (
				6A420F8428BE0D2C003199E6 /* Sources */,
				6A420F8528BE0D2C003199E6 /* Frameworks */,
				6A420F8628BE0D2C003199E6 /* Resources */,
			);
			buildRules = (
			);
			dependencies = (
				6A420F8A28BE0D2C003199E6 /* PBXTargetDependency */,
			);
			name = PawTests;
			productName = PawTests;
			productReference = 6A420F8828BE0D2C003199E6 /* PawTests.xctest */;
			productType = "com.apple.product-type.bundle.unit-test";
		};
		6A420F9128BE0D2C003199E6 /* PawUITests */ = {
			isa = PBXNativeTarget;
			buildConfigurationList = 6A420FA228BE0D2C003199E6 /* Build configuration list for PBXNativeTarget "PawUITests" */;
			buildPhases = (
				6A420F8E28BE0D2C003199E6 /* Sources */,
				6A420F8F28BE0D2C003199E6 /* Frameworks */,
				6A420F9028BE0D2C003199E6 /* Resources */,
			);
			buildRules = (
			);
			dependencies = (
				6A420F9428BE0D2C003199E6 /* PBXTargetDependency */,
			);
			name = PawUITests;
			productName = PawUITests;
			productReference = 6A420F9228BE0D2C003199E6 /* PawUITests.xctest */;
			productType = "com.apple.product-type.bundle.ui-testing";
		};
/* End PBXNativeTarget section */

/* Begin PBXProject section */
		6A420F6A28BE0D27003199E6 /* Project object */ = {
			isa = PBXProject;
			attributes = {
				BuildIndependentTargetsInParallel = 1;
				LastSwiftUpdateCheck = 1340;
				LastUpgradeCheck = 1340;
				TargetAttributes = {
					6A420F7128BE0D27003199E6 = {
						CreatedOnToolsVersion = 13.4.1;
					};
					6A420F8728BE0D2C003199E6 = {
						CreatedOnToolsVersion = 13.4.1;
						LastSwiftMigration = 1340;
						TestTargetID = 6A420F7128BE0D27003199E6;
					};
					6A420F9128BE0D2C003199E6 = {
						CreatedOnToolsVersion = 13.4.1;
						TestTargetID = 6A420F7128BE0D27003199E6;
					};
				};
			};
			buildConfigurationList = 6A420F6D28BE0D27003199E6 /* Build configuration list for PBXProject "Paw" */;
			compatibilityVersion = "Xcode 13.0";
			developmentRegion = en;
			hasScannedForEncodings = 0;
			knownRegions = (
				en,
				Base,
			);
			mainGroup = 6A420F6928BE0D27003199E6;
			productRefGroup = 6A420F7328BE0D27003199E6 /* Products */;
			projectDirPath = "";
			projectRoot = "";
			targets = (
				6A420F7128BE0D27003199E6 /* Paw */,
				6A420F8728BE0D2C003199E6 /* PawTests */,
				6A420F9128BE0D2C003199E6 /* PawUITests */,
			);
		};
/* End PBXProject section */

/* Begin PBXResourcesBuildPhase section */
		6A420F7028BE0D27003199E6 /* Resources */ = {
			isa = PBXResourcesBuildPhase;
			buildActionMask = 2147483647;
			files = (
				6A420F8228BE0D2C003199E6 /* LaunchScreen.storyboard in Resources */,
				6A420F7F28BE0D2C003199E6 /* Assets.xcassets in Resources */,
			);
			runOnlyForDeploymentPostprocessing = 0;
		};
		6A420F8628BE0D2C003199E6 /* Resources */ = {
			isa = PBXResourcesBuildPhase;
			buildActionMask = 2147483647;
			files = (
			);
			runOnlyForDeploymentPostprocessing = 0;
		};
		6A420F9028BE0D2C003199E6 /* Resources */ = {
			isa = PBXResourcesBuildPhase;
			buildActionMask = 2147483647;
			files = (
			);
			runOnlyForDeploymentPostprocessing = 0;
		};
/* End PBXResourcesBuildPhase section */

/* Begin PBXShellScriptBuildPhase section */
		6AD8654228BE186E0051037D /* SwiftFormat */ = {
			isa = PBXShellScriptBuildPhase;
			buildActionMask = 2147483647;
			files = (
			);
			inputFileListPaths = (
			);
			inputPaths = (
			);
			name = SwiftFormat;
			outputFileListPaths = (
			);
			outputPaths = (
			);
			runOnlyForDeploymentPostprocessing = 0;
			shellPath = /bin/sh;
			shellScript = "cd ../BuildTools\nSDKROOT=(xcrun --sdk macosx --show-sdk-path)\nswift run -c release swiftformat \"$SRCROOT\" --config ../.swiftformat --swiftversion 5.4\n";
		};
		6AD8654328BE18950051037D /* SwiftLint */ = {
			isa = PBXShellScriptBuildPhase;
			buildActionMask = 2147483647;
			files = (
			);
			inputFileListPaths = (
			);
			inputPaths = (
			);
			name = SwiftLint;
			outputFileListPaths = (
			);
			outputPaths = (
			);
			runOnlyForDeploymentPostprocessing = 0;
			shellPath = /bin/sh;
			shellScript = "cd ../BuildTools\nSDKROOT=(xcrun --sdk macosx --show-sdk-path)\nswift run -c release swiftlint --no-cache \"$SRCROOT\" --config ../.swiftlint.yml --path ../Paw\n";
		};
/* End PBXShellScriptBuildPhase section */

/* Begin PBXSourcesBuildPhase section */
		6A420F6E28BE0D27003199E6 /* Sources */ = {
			isa = PBXSourcesBuildPhase;
			buildActionMask = 2147483647;
			files = (
				6A4F5C5128C229E400850217 /* UIView+Shadow.swift in Sources */,
				6A419A2728C1BBCA006B48C4 /* WeakRefVirtualProxy.swift in Sources */,
				6A4F5C6128C25FC200850217 /* FeedDetailUIComposer.swift in Sources */,
				6A4F5C7A28C28C6B00850217 /* PetDetailBodyViewModel.swift in Sources */,
				6A420F7628BE0D27003199E6 /* AppDelegate.swift in Sources */,
				6A4F5C9B28C32E5800850217 /* SectionController.swift in Sources */,
				6A4F5C9F28C33C0400850217 /* PetDetailViewBookCell.swift in Sources */,
				6A4F5C4928C2123700850217 /* UIImage+TryMake.swift in Sources */,
				6A4F5C6728C28B8600850217 /* ProfileResponseMapper.swift in Sources */,
				6A4F5C4F28C2295F00850217 /* UIColor+Hex.swift in Sources */,
				6A4F5C8728C31D2300850217 /* ProfilePresenter.swift in Sources */,
				6A419A1828C1AA02006B48C4 /* CellController.swift in Sources */,
				6A4F5C7728C28C4800850217 /* LocalizedRelativeDateTimeFormatter.swift in Sources */,
				6A420F7828BE0D27003199E6 /* SceneDelegate.swift in Sources */,
				6A4199EE28C0B9C5006B48C4 /* FeedItem.swift in Sources */,
				6A419A1F28C1AE5E006B48C4 /* FeedViewAdapter.swift in Sources */,
				6A4F5C7128C28C0700850217 /* PetDetailViewBodyCell.swift in Sources */,
				6A4F5CA328C3424F00850217 /* PetDetailTagCell.swift in Sources */,
				6A4F5C5328C22EE700850217 /* Tabs.swift in Sources */,
				6AE30E0828BE20E600E6D7C3 /* HTTPClient.swift in Sources */,
				6A4F5C3B28C2021400850217 /* FeedItemPresenter.swift in Sources */,
				6A4F5C7528C28C2C00850217 /* PetDetailImageViewCellController.swift in Sources */,
				6A419A1628C1A8A5006B48C4 /* CollectionViewController.swift in Sources */,
				6A4F5C3D28C2022600850217 /* FeedItemViewModel.swift in Sources */,
				6A419A1328C1A86D006B48C4 /* FeedUIComposer.swift in Sources */,
				6A419A2128C1AF4E006B48C4 /* PetGridViewCellController.swift in Sources */,
				6A419A0328C1A6C2006B48C4 /* ResourceErrorView.swift in Sources */,
				6AE30E0B28BE211E00E6D7C3 /* URLSessionHTTPClient.swift in Sources */,
				6A419A0C28C1A78B006B48C4 /* LoadResourcePresentationAdapter.swift in Sources */,
				6A4F5CA128C33F3A00850217 /* PlaceholderViewController.swift in Sources */,
				6A4F5C4D28C2276A00850217 /* CardContainerView.swift in Sources */,
				6A4F5C9D28C334C100850217 /* PetDetailTagCellController.swift in Sources */,
				6A419A1D28C1AC86006B48C4 /* UICollectionView+Dequeueing.swift in Sources */,
				6A4F5C7328C28C1A00850217 /* PetDetailViewBookActionCellController.swift in Sources */,
				6A4F5C6F28C28BE200850217 /* PetDetailViewBodyCellController.swift in Sources */,
				6A4F5C9428C3277D00850217 /* JSONDecoder+DateDecodingStrategy.swift in Sources */,
				6A4F5C5928C2456400850217 /* UIImage+Resize.swift in Sources */,
				6A4F5C5728C243BA00850217 /* UINavigationController+NavLogo.swift in Sources */,
				6A419A0928C1A711006B48C4 /* LoadResourcePresenter.swift in Sources */,
				6A4199F828C0DE77006B48C4 /* URLRequestBuilder.swift in Sources */,
				6A4F5C4328C20F1D00850217 /* ImageDataResponseMapper.swift in Sources */,
				6A419A1A28C1ABA2006B48C4 /* PetGridViewCell.swift in Sources */,
				6A4F5C6D28C28BC800850217 /* PetDetailImageViewCell.swift in Sources */,
				6A419A0728C1A700006B48C4 /* ResourceView.swift in Sources */,
				6A4F5C6328C25FDE00850217 /* FeedDetailViewAdapter.swift in Sources */,
				6A4F5C6A28C28BAC00850217 /* Profile.swift in Sources */,
				6A419A0528C1A6E1006B48C4 /* ResourceLoadingView.swift in Sources */,
				6A4199EB28C0B9A5006B48C4 /* FeedResponseMapper.swift in Sources */,
				6A419A0E28C1A7D8006B48C4 /* Combine+Helpers.swift in Sources */,
			);
			runOnlyForDeploymentPostprocessing = 0;
		};
		6A420F8428BE0D2C003199E6 /* Sources */ = {
			isa = PBXSourcesBuildPhase;
			buildActionMask = 2147483647;
			files = (
				6A419A2A28C1C03F006B48C4 /* FeedUIIntegrationTests+LoaderSpy.swift in Sources */,
				6AE30E0528BE209400E6D7C3 /* URLProtocolStub.swift in Sources */,
				6A4F5C8928C3211F00850217 /* PetDetailViewBodyCell+TestHelpers.swift in Sources */,
				6AE30E1528BE220200E6D7C3 /* XCTestCase+MakeURL.swift in Sources */,
				6A4F5C8328C3175F00850217 /* FeedDetailUIIntegrationTests+LoaderSpy.swift in Sources */,
				6A4F5C4B28C21C8000850217 /* UIImage+Make.swift in Sources */,
				6A419A2E28C1C0BA006B48C4 /* CollectionViewController+TestHelpers.swift in Sources */,
				6AE30E0E28BE216B00E6D7C3 /* URLSessionHTTPClientTests.swift in Sources */,
				6A4199E528BE578A006B48C4 /* FeedResponseMapperTests.swift in Sources */,
				6A419A3028C1C0D4006B48C4 /* UIView+LayoutCycle.swift in Sources */,
				6A4F5C7D28C3155B00850217 /* LocalizedRelativeDateTimeFormatterTests.swift in Sources */,
				6A4F5C8028C3171600850217 /* FeedDetailUIIntegrationTests.swift in Sources */,
				6A4F5C9628C3281900850217 /* LoadResourcePresenterTests.swift in Sources */,
				6A4F5C9128C324FF00850217 /* ProfileResponseMapperTests.swift in Sources */,
				6A419A2C28C1C068006B48C4 /* FeedUIIntegrationTests+Assertions.swift in Sources */,
				6AE30E1128BE21BB00E6D7C3 /* XCTestCase+MakeData.swift in Sources */,
				6A4F5C8D28C3238400850217 /* PostDetailImageViewCell+TestHelpers.swift in Sources */,
				6AE30E1328BE21E800E6D7C3 /* XCTestCase+MakeError.swift in Sources */,
				6A4F5C9928C328D300850217 /* ProfilePresenterTests.swift in Sources */,
				6A4199FB28C0DEB4006B48C4 /* URLRequestBuilderTests.swift in Sources */,
				6A4F5CA528C342A100850217 /* PetDetailTagCell+TestHelpers.swift in Sources */,
				6A419A3228C1C0FD006B48C4 /* PetGridViewCell+TestHelpers.swift in Sources */,
				6A4F5C8528C3177400850217 /* FeedDetailUIIntegrationTests+Assertions.swift in Sources */,
				6A4F5C8B28C3213900850217 /* PetDetailViewBookCell+TestHelpers.swift in Sources */,
				6A4F5C4728C20FBC00850217 /* ImageDataResponseMapperTests.swift in Sources */,
				6A419A2528C1B6EF006B48C4 /* FeedUIIntegrationTests.swift in Sources */,
				6A4199E728C0ADDA006B48C4 /* HTTPURLResponse+StatusCode.swift in Sources */,
				6A4F5C4028C20C5000850217 /* FeedItemPresenterTests.swift in Sources */,
				6AE30E1728BE227400E6D7C3 /* XCTestCase+MemoryLeakTracking.swift in Sources */,
			);
			runOnlyForDeploymentPostprocessing = 0;
		};
		6A420F8E28BE0D2C003199E6 /* Sources */ = {
			isa = PBXSourcesBuildPhase;
			buildActionMask = 2147483647;
			files = (
				6A420F9728BE0D2C003199E6 /* PawUITests.swift in Sources */,
				6A420F9928BE0D2C003199E6 /* PawUITestsLaunchTests.swift in Sources */,
			);
			runOnlyForDeploymentPostprocessing = 0;
		};
/* End PBXSourcesBuildPhase section */

/* Begin PBXTargetDependency section */
		6A420F8A28BE0D2C003199E6 /* PBXTargetDependency */ = {
			isa = PBXTargetDependency;
			target = 6A420F7128BE0D27003199E6 /* Paw */;
			targetProxy = 6A420F8928BE0D2C003199E6 /* PBXContainerItemProxy */;
		};
		6A420F9428BE0D2C003199E6 /* PBXTargetDependency */ = {
			isa = PBXTargetDependency;
			target = 6A420F7128BE0D27003199E6 /* Paw */;
			targetProxy = 6A420F9328BE0D2C003199E6 /* PBXContainerItemProxy */;
		};
/* End PBXTargetDependency section */

/* Begin PBXVariantGroup section */
		6A420F8028BE0D2C003199E6 /* LaunchScreen.storyboard */ = {
			isa = PBXVariantGroup;
			children = (
				6A420F8128BE0D2C003199E6 /* Base */,
			);
			name = LaunchScreen.storyboard;
			sourceTree = "<group>";
		};
/* End PBXVariantGroup section */

/* Begin XCBuildConfiguration section */
		6A420F9A28BE0D2C003199E6 /* Debug */ = {
			isa = XCBuildConfiguration;
			buildSettings = {
				ALWAYS_SEARCH_USER_PATHS = NO;
				CLANG_ANALYZER_NONNULL = YES;
				CLANG_ANALYZER_NUMBER_OBJECT_CONVERSION = YES_AGGRESSIVE;
				CLANG_CXX_LANGUAGE_STANDARD = "gnu++17";
				CLANG_ENABLE_MODULES = YES;
				CLANG_ENABLE_OBJC_ARC = YES;
				CLANG_ENABLE_OBJC_WEAK = YES;
				CLANG_WARN_BLOCK_CAPTURE_AUTORELEASING = YES;
				CLANG_WARN_BOOL_CONVERSION = YES;
				CLANG_WARN_COMMA = YES;
				CLANG_WARN_CONSTANT_CONVERSION = YES;
				CLANG_WARN_DEPRECATED_OBJC_IMPLEMENTATIONS = YES;
				CLANG_WARN_DIRECT_OBJC_ISA_USAGE = YES_ERROR;
				CLANG_WARN_DOCUMENTATION_COMMENTS = YES;
				CLANG_WARN_EMPTY_BODY = YES;
				CLANG_WARN_ENUM_CONVERSION = YES;
				CLANG_WARN_INFINITE_RECURSION = YES;
				CLANG_WARN_INT_CONVERSION = YES;
				CLANG_WARN_NON_LITERAL_NULL_CONVERSION = YES;
				CLANG_WARN_OBJC_IMPLICIT_RETAIN_SELF = YES;
				CLANG_WARN_OBJC_LITERAL_CONVERSION = YES;
				CLANG_WARN_OBJC_ROOT_CLASS = YES_ERROR;
				CLANG_WARN_QUOTED_INCLUDE_IN_FRAMEWORK_HEADER = YES;
				CLANG_WARN_RANGE_LOOP_ANALYSIS = YES;
				CLANG_WARN_STRICT_PROTOTYPES = YES;
				CLANG_WARN_SUSPICIOUS_MOVE = YES;
				CLANG_WARN_UNGUARDED_AVAILABILITY = YES_AGGRESSIVE;
				CLANG_WARN_UNREACHABLE_CODE = YES;
				CLANG_WARN__DUPLICATE_METHOD_MATCH = YES;
				COPY_PHASE_STRIP = NO;
				DEBUG_INFORMATION_FORMAT = dwarf;
				ENABLE_STRICT_OBJC_MSGSEND = YES;
				ENABLE_TESTABILITY = YES;
				GCC_C_LANGUAGE_STANDARD = gnu11;
				GCC_DYNAMIC_NO_PIC = NO;
				GCC_NO_COMMON_BLOCKS = YES;
				GCC_OPTIMIZATION_LEVEL = 0;
				GCC_PREPROCESSOR_DEFINITIONS = (
					"DEBUG=1",
					"$(inherited)",
				);
				GCC_WARN_64_TO_32_BIT_CONVERSION = YES;
				GCC_WARN_ABOUT_RETURN_TYPE = YES_ERROR;
				GCC_WARN_UNDECLARED_SELECTOR = YES;
				GCC_WARN_UNINITIALIZED_AUTOS = YES_AGGRESSIVE;
				GCC_WARN_UNUSED_FUNCTION = YES;
				GCC_WARN_UNUSED_VARIABLE = YES;
				IPHONEOS_DEPLOYMENT_TARGET = 14.7;
				MTL_ENABLE_DEBUG_INFO = INCLUDE_SOURCE;
				MTL_FAST_MATH = YES;
				ONLY_ACTIVE_ARCH = YES;
				SDKROOT = iphoneos;
				SWIFT_ACTIVE_COMPILATION_CONDITIONS = DEBUG;
				SWIFT_OPTIMIZATION_LEVEL = "-Onone";
			};
			name = Debug;
		};
		6A420F9B28BE0D2C003199E6 /* Release */ = {
			isa = XCBuildConfiguration;
			buildSettings = {
				ALWAYS_SEARCH_USER_PATHS = NO;
				CLANG_ANALYZER_NONNULL = YES;
				CLANG_ANALYZER_NUMBER_OBJECT_CONVERSION = YES_AGGRESSIVE;
				CLANG_CXX_LANGUAGE_STANDARD = "gnu++17";
				CLANG_ENABLE_MODULES = YES;
				CLANG_ENABLE_OBJC_ARC = YES;
				CLANG_ENABLE_OBJC_WEAK = YES;
				CLANG_WARN_BLOCK_CAPTURE_AUTORELEASING = YES;
				CLANG_WARN_BOOL_CONVERSION = YES;
				CLANG_WARN_COMMA = YES;
				CLANG_WARN_CONSTANT_CONVERSION = YES;
				CLANG_WARN_DEPRECATED_OBJC_IMPLEMENTATIONS = YES;
				CLANG_WARN_DIRECT_OBJC_ISA_USAGE = YES_ERROR;
				CLANG_WARN_DOCUMENTATION_COMMENTS = YES;
				CLANG_WARN_EMPTY_BODY = YES;
				CLANG_WARN_ENUM_CONVERSION = YES;
				CLANG_WARN_INFINITE_RECURSION = YES;
				CLANG_WARN_INT_CONVERSION = YES;
				CLANG_WARN_NON_LITERAL_NULL_CONVERSION = YES;
				CLANG_WARN_OBJC_IMPLICIT_RETAIN_SELF = YES;
				CLANG_WARN_OBJC_LITERAL_CONVERSION = YES;
				CLANG_WARN_OBJC_ROOT_CLASS = YES_ERROR;
				CLANG_WARN_QUOTED_INCLUDE_IN_FRAMEWORK_HEADER = YES;
				CLANG_WARN_RANGE_LOOP_ANALYSIS = YES;
				CLANG_WARN_STRICT_PROTOTYPES = YES;
				CLANG_WARN_SUSPICIOUS_MOVE = YES;
				CLANG_WARN_UNGUARDED_AVAILABILITY = YES_AGGRESSIVE;
				CLANG_WARN_UNREACHABLE_CODE = YES;
				CLANG_WARN__DUPLICATE_METHOD_MATCH = YES;
				COPY_PHASE_STRIP = NO;
				DEBUG_INFORMATION_FORMAT = "dwarf-with-dsym";
				ENABLE_NS_ASSERTIONS = NO;
				ENABLE_STRICT_OBJC_MSGSEND = YES;
				GCC_C_LANGUAGE_STANDARD = gnu11;
				GCC_NO_COMMON_BLOCKS = YES;
				GCC_WARN_64_TO_32_BIT_CONVERSION = YES;
				GCC_WARN_ABOUT_RETURN_TYPE = YES_ERROR;
				GCC_WARN_UNDECLARED_SELECTOR = YES;
				GCC_WARN_UNINITIALIZED_AUTOS = YES_AGGRESSIVE;
				GCC_WARN_UNUSED_FUNCTION = YES;
				GCC_WARN_UNUSED_VARIABLE = YES;
				IPHONEOS_DEPLOYMENT_TARGET = 14.7;
				MTL_ENABLE_DEBUG_INFO = NO;
				MTL_FAST_MATH = YES;
				SDKROOT = iphoneos;
				SWIFT_COMPILATION_MODE = wholemodule;
				SWIFT_OPTIMIZATION_LEVEL = "-O";
				VALIDATE_PRODUCT = YES;
			};
			name = Release;
		};
		6A420F9D28BE0D2C003199E6 /* Debug */ = {
			isa = XCBuildConfiguration;
			buildSettings = {
				ASSETCATALOG_COMPILER_APPICON_NAME = AppIcon;
				ASSETCATALOG_COMPILER_GLOBAL_ACCENT_COLOR_NAME = AccentColor;
				CODE_SIGN_STYLE = Automatic;
				CURRENT_PROJECT_VERSION = 1;
				DEVELOPMENT_TEAM = CBUNS24C9F;
				GENERATE_INFOPLIST_FILE = YES;
				INFOPLIST_FILE = Paw/Info.plist;
				INFOPLIST_KEY_UIApplicationSupportsIndirectInputEvents = YES;
				INFOPLIST_KEY_UILaunchStoryboardName = LaunchScreen;
				INFOPLIST_KEY_UISupportedInterfaceOrientations_iPad = "UIInterfaceOrientationPortrait UIInterfaceOrientationPortraitUpsideDown UIInterfaceOrientationLandscapeLeft UIInterfaceOrientationLandscapeRight";
				INFOPLIST_KEY_UISupportedInterfaceOrientations_iPhone = "UIInterfaceOrientationPortrait UIInterfaceOrientationLandscapeLeft UIInterfaceOrientationLandscapeRight";
				IPHONEOS_DEPLOYMENT_TARGET = 14.7;
				LD_RUNPATH_SEARCH_PATHS = (
					"$(inherited)",
					"@executable_path/Frameworks",
				);
				MARKETING_VERSION = 1.0;
				PRODUCT_BUNDLE_IDENTIFIER = uk.co.everydaydev.paw.dev;
				PRODUCT_NAME = "$(TARGET_NAME)";
				SWIFT_EMIT_LOC_STRINGS = YES;
				SWIFT_VERSION = 5.0;
				TARGETED_DEVICE_FAMILY = "1,2";
			};
			name = Debug;
		};
		6A420F9E28BE0D2C003199E6 /* Release */ = {
			isa = XCBuildConfiguration;
			buildSettings = {
				ASSETCATALOG_COMPILER_APPICON_NAME = AppIcon;
				ASSETCATALOG_COMPILER_GLOBAL_ACCENT_COLOR_NAME = AccentColor;
				CODE_SIGN_STYLE = Automatic;
				CURRENT_PROJECT_VERSION = 1;
				DEVELOPMENT_TEAM = CBUNS24C9F;
				GENERATE_INFOPLIST_FILE = YES;
				INFOPLIST_FILE = Paw/Info.plist;
				INFOPLIST_KEY_UIApplicationSupportsIndirectInputEvents = YES;
				INFOPLIST_KEY_UILaunchStoryboardName = LaunchScreen;
				INFOPLIST_KEY_UISupportedInterfaceOrientations_iPad = "UIInterfaceOrientationPortrait UIInterfaceOrientationPortraitUpsideDown UIInterfaceOrientationLandscapeLeft UIInterfaceOrientationLandscapeRight";
				INFOPLIST_KEY_UISupportedInterfaceOrientations_iPhone = "UIInterfaceOrientationPortrait UIInterfaceOrientationLandscapeLeft UIInterfaceOrientationLandscapeRight";
				IPHONEOS_DEPLOYMENT_TARGET = 14.7;
				LD_RUNPATH_SEARCH_PATHS = (
					"$(inherited)",
					"@executable_path/Frameworks",
				);
				MARKETING_VERSION = 1.0;
				PRODUCT_BUNDLE_IDENTIFIER = uk.co.everydaydev.paw.dev;
				PRODUCT_NAME = "$(TARGET_NAME)";
				SWIFT_EMIT_LOC_STRINGS = YES;
				SWIFT_VERSION = 5.0;
				TARGETED_DEVICE_FAMILY = "1,2";
			};
			name = Release;
		};
		6A420FA028BE0D2C003199E6 /* Debug */ = {
			isa = XCBuildConfiguration;
			buildSettings = {
				ALWAYS_EMBED_SWIFT_STANDARD_LIBRARIES = YES;
				BUNDLE_LOADER = "$(TEST_HOST)";
				CLANG_ENABLE_MODULES = YES;
				CODE_SIGN_STYLE = Automatic;
				CURRENT_PROJECT_VERSION = 1;
				DEVELOPMENT_TEAM = CBUNS24C9F;
				GENERATE_INFOPLIST_FILE = YES;
				IPHONEOS_DEPLOYMENT_TARGET = 14.7;
				LD_RUNPATH_SEARCH_PATHS = (
					"$(inherited)",
					"@executable_path/Frameworks",
					"@loader_path/Frameworks",
				);
				MARKETING_VERSION = 1.0;
				PRODUCT_BUNDLE_IDENTIFIER = uk.co.everydaydev.PawTests;
				PRODUCT_NAME = "$(TARGET_NAME)";
				SWIFT_EMIT_LOC_STRINGS = NO;
				SWIFT_OPTIMIZATION_LEVEL = "-Onone";
				SWIFT_VERSION = 5.0;
				TARGETED_DEVICE_FAMILY = "1,2";
				TEST_HOST = "$(BUILT_PRODUCTS_DIR)/Paw.app/Paw";
			};
			name = Debug;
		};
		6A420FA128BE0D2C003199E6 /* Release */ = {
			isa = XCBuildConfiguration;
			buildSettings = {
				ALWAYS_EMBED_SWIFT_STANDARD_LIBRARIES = YES;
				BUNDLE_LOADER = "$(TEST_HOST)";
				CLANG_ENABLE_MODULES = YES;
				CODE_SIGN_STYLE = Automatic;
				CURRENT_PROJECT_VERSION = 1;
				DEVELOPMENT_TEAM = CBUNS24C9F;
				GENERATE_INFOPLIST_FILE = YES;
				IPHONEOS_DEPLOYMENT_TARGET = 14.7;
				LD_RUNPATH_SEARCH_PATHS = (
					"$(inherited)",
					"@executable_path/Frameworks",
					"@loader_path/Frameworks",
				);
				MARKETING_VERSION = 1.0;
				PRODUCT_BUNDLE_IDENTIFIER = uk.co.everydaydev.PawTests;
				PRODUCT_NAME = "$(TARGET_NAME)";
				SWIFT_EMIT_LOC_STRINGS = NO;
				SWIFT_VERSION = 5.0;
				TARGETED_DEVICE_FAMILY = "1,2";
				TEST_HOST = "$(BUILT_PRODUCTS_DIR)/Paw.app/Paw";
			};
			name = Release;
		};
		6A420FA328BE0D2C003199E6 /* Debug */ = {
			isa = XCBuildConfiguration;
			buildSettings = {
				ALWAYS_EMBED_SWIFT_STANDARD_LIBRARIES = YES;
				CODE_SIGN_STYLE = Automatic;
				CURRENT_PROJECT_VERSION = 1;
				DEVELOPMENT_TEAM = CBUNS24C9F;
				GENERATE_INFOPLIST_FILE = YES;
				IPHONEOS_DEPLOYMENT_TARGET = 14.7;
				MARKETING_VERSION = 1.0;
				PRODUCT_BUNDLE_IDENTIFIER = uk.co.everydaydev.PawUITests;
				PRODUCT_NAME = "$(TARGET_NAME)";
				SWIFT_EMIT_LOC_STRINGS = NO;
				SWIFT_VERSION = 5.0;
				TARGETED_DEVICE_FAMILY = "1,2";
				TEST_TARGET_NAME = Paw;
			};
			name = Debug;
		};
		6A420FA428BE0D2C003199E6 /* Release */ = {
			isa = XCBuildConfiguration;
			buildSettings = {
				ALWAYS_EMBED_SWIFT_STANDARD_LIBRARIES = YES;
				CODE_SIGN_STYLE = Automatic;
				CURRENT_PROJECT_VERSION = 1;
				DEVELOPMENT_TEAM = CBUNS24C9F;
				GENERATE_INFOPLIST_FILE = YES;
				IPHONEOS_DEPLOYMENT_TARGET = 14.7;
				MARKETING_VERSION = 1.0;
				PRODUCT_BUNDLE_IDENTIFIER = uk.co.everydaydev.PawUITests;
				PRODUCT_NAME = "$(TARGET_NAME)";
				SWIFT_EMIT_LOC_STRINGS = NO;
				SWIFT_VERSION = 5.0;
				TARGETED_DEVICE_FAMILY = "1,2";
				TEST_TARGET_NAME = Paw;
			};
			name = Release;
		};
/* End XCBuildConfiguration section */

/* Begin XCConfigurationList section */
		6A420F6D28BE0D27003199E6 /* Build configuration list for PBXProject "Paw" */ = {
			isa = XCConfigurationList;
			buildConfigurations = (
				6A420F9A28BE0D2C003199E6 /* Debug */,
				6A420F9B28BE0D2C003199E6 /* Release */,
			);
			defaultConfigurationIsVisible = 0;
			defaultConfigurationName = Release;
		};
		6A420F9C28BE0D2C003199E6 /* Build configuration list for PBXNativeTarget "Paw" */ = {
			isa = XCConfigurationList;
			buildConfigurations = (
				6A420F9D28BE0D2C003199E6 /* Debug */,
				6A420F9E28BE0D2C003199E6 /* Release */,
			);
			defaultConfigurationIsVisible = 0;
			defaultConfigurationName = Release;
		};
		6A420F9F28BE0D2C003199E6 /* Build configuration list for PBXNativeTarget "PawTests" */ = {
			isa = XCConfigurationList;
			buildConfigurations = (
				6A420FA028BE0D2C003199E6 /* Debug */,
				6A420FA128BE0D2C003199E6 /* Release */,
			);
			defaultConfigurationIsVisible = 0;
			defaultConfigurationName = Release;
		};
		6A420FA228BE0D2C003199E6 /* Build configuration list for PBXNativeTarget "PawUITests" */ = {
			isa = XCConfigurationList;
			buildConfigurations = (
				6A420FA328BE0D2C003199E6 /* Debug */,
				6A420FA428BE0D2C003199E6 /* Release */,
			);
			defaultConfigurationIsVisible = 0;
			defaultConfigurationName = Release;
		};
/* End XCConfigurationList section */
	};
	rootObject = 6A420F6A28BE0D27003199E6 /* Project object */;
}
